// !$*UTF8*$!
{
	archiveVersion = 1;
	classes = {
	};
	objectVersion = 46;
	objects = {

/* Begin PBXBuildFile section */
		231F444A18DC1D550042FA6C /* PieLayer.m in Sources */ = {isa = PBXBuildFile; fileRef = 231F444518DC1D550042FA6C /* PieLayer.m */; };
		231F444B18DC1D550042FA6C /* NSMutableArray+pieEx.m in Sources */ = {isa = PBXBuildFile; fileRef = 231F444718DC1D550042FA6C /* NSMutableArray+pieEx.m */; };
		231F444C18DC1D550042FA6C /* PieElement.m in Sources */ = {isa = PBXBuildFile; fileRef = 231F444918DC1D550042FA6C /* PieElement.m */; };
		231F444F18DC1D720042FA6C /* Example2PieView.m in Sources */ = {isa = PBXBuildFile; fileRef = 231F444E18DC1D720042FA6C /* Example2PieView.m */; };
		231F445218DC1DF20042FA6C /* CYBillPieViewController.m in Sources */ = {isa = PBXBuildFile; fileRef = 231F445118DC1DF20042FA6C /* CYBillPieViewController.m */; };
		231F445518DC1E690042FA6C /* MyPieElement.m in Sources */ = {isa = PBXBuildFile; fileRef = 231F445418DC1E690042FA6C /* MyPieElement.m */; };
		236E3B5318E0DA3800E0619E /* KeyboardCommon.m in Sources */ = {isa = PBXBuildFile; fileRef = 236E3B2318E0DA3800E0619E /* KeyboardCommon.m */; settings = {COMPILER_FLAGS = "-fno-objc-arc"; }; };
		236E3B5418E0DA3800E0619E /* NSArrayAdditionals.m in Sources */ = {isa = PBXBuildFile; fileRef = 236E3B2518E0DA3800E0619E /* NSArrayAdditionals.m */; settings = {COMPILER_FLAGS = "-fno-objc-arc"; }; };
		236E3B5518E0DA3800E0619E /* NSDataAdditions.m in Sources */ = {isa = PBXBuildFile; fileRef = 236E3B2718E0DA3800E0619E /* NSDataAdditions.m */; settings = {COMPILER_FLAGS = "-fno-objc-arc"; }; };
		236E3B5618E0DA3800E0619E /* NSDictionaryAdditions.m in Sources */ = {isa = PBXBuildFile; fileRef = 236E3B2918E0DA3800E0619E /* NSDictionaryAdditions.m */; settings = {COMPILER_FLAGS = "-fno-objc-arc"; }; };
		236E3B5718E0DA3800E0619E /* NSStringAdditions.m in Sources */ = {isa = PBXBuildFile; fileRef = 236E3B2B18E0DA3800E0619E /* NSStringAdditions.m */; settings = {COMPILER_FLAGS = "-fno-objc-arc"; }; };
		236E3B5E18E0DA3800E0619E /* Reachability.m in Sources */ = {isa = PBXBuildFile; fileRef = 236E3B3D18E0DA3800E0619E /* Reachability.m */; };
		236E3B5F18E0DA3800E0619E /* UIDevice+Resolutions.m in Sources */ = {isa = PBXBuildFile; fileRef = 236E3B3F18E0DA3800E0619E /* UIDevice+Resolutions.m */; };
		236E3B6018E0DA3800E0619E /* checkbox_checked.png in Resources */ = {isa = PBXBuildFile; fileRef = 236E3B4218E0DA3800E0619E /* checkbox_checked.png */; };
		236E3B6118E0DA3800E0619E /* checkbox_unchecked.png in Resources */ = {isa = PBXBuildFile; fileRef = 236E3B4318E0DA3800E0619E /* checkbox_unchecked.png */; };
		236E3B6218E0DA3800E0619E /* HXTCheckBox.m in Sources */ = {isa = PBXBuildFile; fileRef = 236E3B4518E0DA3800E0619E /* HXTCheckBox.m */; };
		236E3B6318E0DA3800E0619E /* housingEstate.jpg in Resources */ = {isa = PBXBuildFile; fileRef = 236E3B4718E0DA3800E0619E /* housingEstate.jpg */; };
		236E3B6418E0DA3800E0619E /* HXTViewWithArrow.m in Sources */ = {isa = PBXBuildFile; fileRef = 236E3B4A18E0DA3800E0619E /* HXTViewWithArrow.m */; };
		236E3B6718E0DCD200E0619E /* CFNetwork.framework in Frameworks */ = {isa = PBXBuildFile; fileRef = 236E3B6618E0DCD200E0619E /* CFNetwork.framework */; };
		236E3B6918E0DCFF00E0619E /* libz.1.2.5.dylib in Frameworks */ = {isa = PBXBuildFile; fileRef = 236E3B6818E0DCFF00E0619E /* libz.1.2.5.dylib */; };
		2385634418DADA6B005D5AF5 /* CYMyPropertyTableViewController.m in Sources */ = {isa = PBXBuildFile; fileRef = 2385634218DADA6B005D5AF5 /* CYMyPropertyTableViewController.m */; };
		2385634918DAE03E005D5AF5 /* CYMyBillTableViewController.m in Sources */ = {isa = PBXBuildFile; fileRef = 2385634818DAE03E005D5AF5 /* CYMyBillTableViewController.m */; };
		2385635018DAE22E005D5AF5 /* CYMyBillDetailCell.m in Sources */ = {isa = PBXBuildFile; fileRef = 2385634F18DAE22E005D5AF5 /* CYMyBillDetailCell.m */; };
		2385635318DAE242005D5AF5 /* CYMyBillMonthCell.m in Sources */ = {isa = PBXBuildFile; fileRef = 2385635218DAE242005D5AF5 /* CYMyBillMonthCell.m */; };
		23D5EAC818E16B270063AB9A /* CYActivityViewController.m in Sources */ = {isa = PBXBuildFile; fileRef = 23D5EAC718E16B270063AB9A /* CYActivityViewController.m */; };
		23D5EACB18E16B460063AB9A /* CYActivityCell.m in Sources */ = {isa = PBXBuildFile; fileRef = 23D5EACA18E16B460063AB9A /* CYActivityCell.m */; };
		23D5EACE18E178CD0063AB9A /* CYMyOrderViewController.m in Sources */ = {isa = PBXBuildFile; fileRef = 23D5EACD18E178CD0063AB9A /* CYMyOrderViewController.m */; };
		23D5EAD118E17F3A0063AB9A /* CYMsgTableViewController.m in Sources */ = {isa = PBXBuildFile; fileRef = 23D5EAD018E17F3A0063AB9A /* CYMsgTableViewController.m */; };
		23D5EAD418E17F570063AB9A /* CYMsgCell.m in Sources */ = {isa = PBXBuildFile; fileRef = 23D5EAD318E17F570063AB9A /* CYMsgCell.m */; };
		23D5EAD718E181B20063AB9A /* CYFeedBackViewController.m in Sources */ = {isa = PBXBuildFile; fileRef = 23D5EAD618E181B20063AB9A /* CYFeedBackViewController.m */; };
		53DD8B63B9B84B5DB2207E3D /* libPods.a in Frameworks */ = {isa = PBXBuildFile; fileRef = 17FC7110AE204E14A8C22B67 /* libPods.a */; };
		B2380E0518B6FC3B00D895DA /* MyProperty.storyboard in Resources */ = {isa = PBXBuildFile; fileRef = B2380E0318B6FC3B00D895DA /* MyProperty.storyboard */; };
		B25A8A2218D92B7F00A8D145 /* HXTNavigationController.m in Sources */ = {isa = PBXBuildFile; fileRef = B25A8A2118D92B7F00A8D145 /* HXTNavigationController.m */; };
		B25A8A2318D92B7F00A8D145 /* HXTNavigationController.m in Sources */ = {isa = PBXBuildFile; fileRef = B25A8A2118D92B7F00A8D145 /* HXTNavigationController.m */; };
		B291D55318D97D72008ACE36 /* HXTChooseHousingEstateTableViewController.m in Sources */ = {isa = PBXBuildFile; fileRef = B291D55218D97D72008ACE36 /* HXTChooseHousingEstateTableViewController.m */; };
		B291D55418D97D72008ACE36 /* HXTChooseHousingEstateTableViewController.m in Sources */ = {isa = PBXBuildFile; fileRef = B291D55218D97D72008ACE36 /* HXTChooseHousingEstateTableViewController.m */; };
		B291D55718D9E78F008ACE36 /* HXTSelectCitySecondLevelViewController.m in Sources */ = {isa = PBXBuildFile; fileRef = B291D55618D9E78F008ACE36 /* HXTSelectCitySecondLevelViewController.m */; };
		B291D55818D9E78F008ACE36 /* HXTSelectCitySecondLevelViewController.m in Sources */ = {isa = PBXBuildFile; fileRef = B291D55618D9E78F008ACE36 /* HXTSelectCitySecondLevelViewController.m */; };
		B2A4441318C5CAD5008A4592 /* EcologicalDistribution.storyboard in Resources */ = {isa = PBXBuildFile; fileRef = B2A4441118C5CAD5008A4592 /* EcologicalDistribution.storyboard */; };
		B2AA7EAC18D2AAE800F4EF88 /* HXTLoginViewController.m in Sources */ = {isa = PBXBuildFile; fileRef = B2AA7EA518D2AAE800F4EF88 /* HXTLoginViewController.m */; };
		B2AA7EAD18D2AAE800F4EF88 /* HXTLoginViewController.m in Sources */ = {isa = PBXBuildFile; fileRef = B2AA7EA518D2AAE800F4EF88 /* HXTLoginViewController.m */; };
		B2AA7EAE18D2AAE800F4EF88 /* HXTRegisterAccountViewController.m in Sources */ = {isa = PBXBuildFile; fileRef = B2AA7EA718D2AAE800F4EF88 /* HXTRegisterAccountViewController.m */; };
		B2AA7EAF18D2AAE800F4EF88 /* HXTRegisterAccountViewController.m in Sources */ = {isa = PBXBuildFile; fileRef = B2AA7EA718D2AAE800F4EF88 /* HXTRegisterAccountViewController.m */; };
		B2AA7EB018D2AAE800F4EF88 /* HXTAccountManager.m in Sources */ = {isa = PBXBuildFile; fileRef = B2AA7EAA18D2AAE800F4EF88 /* HXTAccountManager.m */; };
		B2AA7EB118D2AAE800F4EF88 /* HXTAccountManager.m in Sources */ = {isa = PBXBuildFile; fileRef = B2AA7EAA18D2AAE800F4EF88 /* HXTAccountManager.m */; };
		B2AA7EF818D2AFAD00F4EF88 /* HXTHomeViewController.m in Sources */ = {isa = PBXBuildFile; fileRef = B2AA7EF718D2AFAD00F4EF88 /* HXTHomeViewController.m */; };
		B2AA7EF918D2AFAD00F4EF88 /* HXTHomeViewController.m in Sources */ = {isa = PBXBuildFile; fileRef = B2AA7EF718D2AFAD00F4EF88 /* HXTHomeViewController.m */; };
		B2BB18E718D829D700BD9FC9 /* HXTSurroundingLifeViewController.m in Sources */ = {isa = PBXBuildFile; fileRef = B2BB18DE18D829D700BD9FC9 /* HXTSurroundingLifeViewController.m */; };
		B2BB18E818D829D700BD9FC9 /* HXTSurroundingLifeViewController.m in Sources */ = {isa = PBXBuildFile; fileRef = B2BB18DE18D829D700BD9FC9 /* HXTSurroundingLifeViewController.m */; };
		B2BB18E918D829D700BD9FC9 /* HXTIGoViewController.m in Sources */ = {isa = PBXBuildFile; fileRef = B2BB18E118D829D700BD9FC9 /* HXTIGoViewController.m */; };
		B2BB18EA18D829D700BD9FC9 /* HXTIGoViewController.m in Sources */ = {isa = PBXBuildFile; fileRef = B2BB18E118D829D700BD9FC9 /* HXTIGoViewController.m */; };
		B2BB18EB18D829D700BD9FC9 /* HXTIGoWithTypeViewController.m in Sources */ = {isa = PBXBuildFile; fileRef = B2BB18E318D829D700BD9FC9 /* HXTIGoWithTypeViewController.m */; };
		B2BB18EC18D829D700BD9FC9 /* HXTIGoWithTypeViewController.m in Sources */ = {isa = PBXBuildFile; fileRef = B2BB18E318D829D700BD9FC9 /* HXTIGoWithTypeViewController.m */; };
		B2BB18ED18D829D700BD9FC9 /* HXTTheGroceryStoreViewController.m in Sources */ = {isa = PBXBuildFile; fileRef = B2BB18E618D829D700BD9FC9 /* HXTTheGroceryStoreViewController.m */; };
		B2BB18EE18D829D700BD9FC9 /* HXTTheGroceryStoreViewController.m in Sources */ = {isa = PBXBuildFile; fileRef = B2BB18E618D829D700BD9FC9 /* HXTTheGroceryStoreViewController.m */; };
		B2C016DC18D2B2040058F1BF /* AccountManager.storyboard in Resources */ = {isa = PBXBuildFile; fileRef = B2C016DA18D2B2040058F1BF /* AccountManager.storyboard */; };
		B2C016E218D2B3EB0058F1BF /* ChooseHouse.storyboard in Resources */ = {isa = PBXBuildFile; fileRef = B2C016E018D2B3EB0058F1BF /* ChooseHouse.storyboard */; };
		B2C016E318D2B3EB0058F1BF /* ChooseHouse.storyboard in Resources */ = {isa = PBXBuildFile; fileRef = B2C016E018D2B3EB0058F1BF /* ChooseHouse.storyboard */; };
		B2C016EA18D2BA310058F1BF /* HXTChooseHousingEstateViewController.m in Sources */ = {isa = PBXBuildFile; fileRef = B2C016E718D2BA310058F1BF /* HXTChooseHousingEstateViewController.m */; };
		B2C016EB18D2BA310058F1BF /* HXTChooseHousingEstateViewController.m in Sources */ = {isa = PBXBuildFile; fileRef = B2C016E718D2BA310058F1BF /* HXTChooseHousingEstateViewController.m */; };
		B2C016EE18D2BB8F0058F1BF /* HXTSelectCityViewController.m in Sources */ = {isa = PBXBuildFile; fileRef = B2C016ED18D2BB8F0058F1BF /* HXTSelectCityViewController.m */; };
		B2C016EF18D2BB8F0058F1BF /* HXTSelectCityViewController.m in Sources */ = {isa = PBXBuildFile; fileRef = B2C016ED18D2BB8F0058F1BF /* HXTSelectCityViewController.m */; };
		B2C016F518D2BD1F0058F1BF /* hotCities.plist in Resources */ = {isa = PBXBuildFile; fileRef = B2C016F118D2BD1F0058F1BF /* hotCities.plist */; };
		B2C016F618D2BD1F0058F1BF /* hotCities.plist in Resources */ = {isa = PBXBuildFile; fileRef = B2C016F118D2BD1F0058F1BF /* hotCities.plist */; };
		B2C016F718D2BD1F0058F1BF /* provinces.plist in Resources */ = {isa = PBXBuildFile; fileRef = B2C016F218D2BD1F0058F1BF /* provinces.plist */; };
		B2C016F818D2BD1F0058F1BF /* provinces.plist in Resources */ = {isa = PBXBuildFile; fileRef = B2C016F218D2BD1F0058F1BF /* provinces.plist */; };
		B2C016F918D2BD1F0058F1BF /* provinces_bck.plist in Resources */ = {isa = PBXBuildFile; fileRef = B2C016F318D2BD1F0058F1BF /* provinces_bck.plist */; };
		B2C016FA18D2BD1F0058F1BF /* provinces_bck.plist in Resources */ = {isa = PBXBuildFile; fileRef = B2C016F318D2BD1F0058F1BF /* provinces_bck.plist */; };
		B2C016FB18D2BD1F0058F1BF /* region.plist in Resources */ = {isa = PBXBuildFile; fileRef = B2C016F418D2BD1F0058F1BF /* region.plist */; };
		B2C016FC18D2BD1F0058F1BF /* region.plist in Resources */ = {isa = PBXBuildFile; fileRef = B2C016F418D2BD1F0058F1BF /* region.plist */; };
		B2C27D8C18B48432003AA091 /* Foundation.framework in Frameworks */ = {isa = PBXBuildFile; fileRef = B2C27D8B18B48432003AA091 /* Foundation.framework */; };
		B2C27D8E18B48432003AA091 /* CoreGraphics.framework in Frameworks */ = {isa = PBXBuildFile; fileRef = B2C27D8D18B48432003AA091 /* CoreGraphics.framework */; };
		B2C27D9018B48432003AA091 /* UIKit.framework in Frameworks */ = {isa = PBXBuildFile; fileRef = B2C27D8F18B48432003AA091 /* UIKit.framework */; };
		B2C27D9818B48432003AA091 /* main.m in Sources */ = {isa = PBXBuildFile; fileRef = B2C27D9718B48432003AA091 /* main.m */; };
		B2C27D9C18B48432003AA091 /* HXTAppDelegate.m in Sources */ = {isa = PBXBuildFile; fileRef = B2C27D9B18B48432003AA091 /* HXTAppDelegate.m */; };
		B2C27D9F18B48432003AA091 /* Home.storyboard in Resources */ = {isa = PBXBuildFile; fileRef = B2C27D9D18B48432003AA091 /* Home.storyboard */; };
		B2C27DA418B48432003AA091 /* Images.xcassets in Resources */ = {isa = PBXBuildFile; fileRef = B2C27DA318B48432003AA091 /* Images.xcassets */; };
		B2C27DAB18B48432003AA091 /* XCTest.framework in Frameworks */ = {isa = PBXBuildFile; fileRef = B2C27DAA18B48432003AA091 /* XCTest.framework */; };
		B2C27DAC18B48432003AA091 /* Foundation.framework in Frameworks */ = {isa = PBXBuildFile; fileRef = B2C27D8B18B48432003AA091 /* Foundation.framework */; };
		B2C27DAD18B48432003AA091 /* UIKit.framework in Frameworks */ = {isa = PBXBuildFile; fileRef = B2C27D8F18B48432003AA091 /* UIKit.framework */; };
		B2C27DB718B48432003AA091 /* ButlerCardTests.m in Sources */ = {isa = PBXBuildFile; fileRef = B2C27DB618B48432003AA091 /* ButlerCardTests.m */; };
		B2CE1BE518D2A744007A754D /* Home.storyboard in Resources */ = {isa = PBXBuildFile; fileRef = B2C27D9D18B48432003AA091 /* Home.storyboard */; };
		B2CE1C0318D2A912007A754D /* HXTBindCardViewController.m in Sources */ = {isa = PBXBuildFile; fileRef = B2CE1BEB18D2A912007A754D /* HXTBindCardViewController.m */; };
		B2CE1C0418D2A912007A754D /* HXTBindCardViewController.m in Sources */ = {isa = PBXBuildFile; fileRef = B2CE1BEB18D2A912007A754D /* HXTBindCardViewController.m */; };
		B2CE1C0718D2A912007A754D /* HXTMyPropertyViewController.m in Sources */ = {isa = PBXBuildFile; fileRef = B2CE1BEF18D2A912007A754D /* HXTMyPropertyViewController.m */; };
		B2CE1C0818D2A912007A754D /* HXTMyPropertyViewController.m in Sources */ = {isa = PBXBuildFile; fileRef = B2CE1BEF18D2A912007A754D /* HXTMyPropertyViewController.m */; };
		B2CE1C0918D2A912007A754D /* HXTPropertyItemDetailTableViewController.m in Sources */ = {isa = PBXBuildFile; fileRef = B2CE1BF118D2A912007A754D /* HXTPropertyItemDetailTableViewController.m */; };
		B2CE1C0A18D2A912007A754D /* HXTPropertyItemDetailTableViewController.m in Sources */ = {isa = PBXBuildFile; fileRef = B2CE1BF118D2A912007A754D /* HXTPropertyItemDetailTableViewController.m */; };
		B2CE1C0D18D2A912007A754D /* HXTHouse.m in Sources */ = {isa = PBXBuildFile; fileRef = B2CE1BF618D2A912007A754D /* HXTHouse.m */; };
		B2CE1C0E18D2A912007A754D /* HXTHouse.m in Sources */ = {isa = PBXBuildFile; fileRef = B2CE1BF618D2A912007A754D /* HXTHouse.m */; };
		B2CE1C0F18D2A912007A754D /* HXTMyProperties.m in Sources */ = {isa = PBXBuildFile; fileRef = B2CE1BF818D2A912007A754D /* HXTMyProperties.m */; };
		B2CE1C1018D2A912007A754D /* HXTMyProperties.m in Sources */ = {isa = PBXBuildFile; fileRef = B2CE1BF818D2A912007A754D /* HXTMyProperties.m */; };
		B2CE1C1118D2A912007A754D /* HXTPropertyFeeCell.m in Sources */ = {isa = PBXBuildFile; fileRef = B2CE1BFA18D2A912007A754D /* HXTPropertyFeeCell.m */; };
		B2CE1C1218D2A912007A754D /* HXTPropertyFeeCell.m in Sources */ = {isa = PBXBuildFile; fileRef = B2CE1BFA18D2A912007A754D /* HXTPropertyFeeCell.m */; };
		B2CE1C1318D2A912007A754D /* HXTPropertyFeeDetailCell.m in Sources */ = {isa = PBXBuildFile; fileRef = B2CE1BFC18D2A912007A754D /* HXTPropertyFeeDetailCell.m */; };
		B2CE1C1418D2A912007A754D /* HXTPropertyFeeDetailCell.m in Sources */ = {isa = PBXBuildFile; fileRef = B2CE1BFC18D2A912007A754D /* HXTPropertyFeeDetailCell.m */; };
		B2CE1C1518D2A912007A754D /* HXTPropertyCell.m in Sources */ = {isa = PBXBuildFile; fileRef = B2CE1BFE18D2A912007A754D /* HXTPropertyCell.m */; };
		B2CE1C1618D2A912007A754D /* HXTPropertyCell.m in Sources */ = {isa = PBXBuildFile; fileRef = B2CE1BFE18D2A912007A754D /* HXTPropertyCell.m */; };
		B2CE1C1718D2A912007A754D /* HXTPropertyTableViewHeaderFooterView.m in Sources */ = {isa = PBXBuildFile; fileRef = B2CE1C0118D2A912007A754D /* HXTPropertyTableViewHeaderFooterView.m */; };
		B2CE1C1818D2A912007A754D /* HXTPropertyTableViewHeaderFooterView.m in Sources */ = {isa = PBXBuildFile; fileRef = B2CE1C0118D2A912007A754D /* HXTPropertyTableViewHeaderFooterView.m */; };
		B2CE1C1918D2A912007A754D /* MyPropertyTableViewHeaderFooterView.xib in Resources */ = {isa = PBXBuildFile; fileRef = B2CE1C0218D2A912007A754D /* MyPropertyTableViewHeaderFooterView.xib */; };
		B2CE1C1A18D2A912007A754D /* MyPropertyTableViewHeaderFooterView.xib in Resources */ = {isa = PBXBuildFile; fileRef = B2CE1C0218D2A912007A754D /* MyPropertyTableViewHeaderFooterView.xib */; };
		B2D4880818B5DF1000F331D3 /* SurroundingLife.storyboard in Resources */ = {isa = PBXBuildFile; fileRef = B2D4880618B5DF1000F331D3 /* SurroundingLife.storyboard */; };
		B2E4E35018D6DE7D00C0C0F5 /* HXTTabBarViewController.m in Sources */ = {isa = PBXBuildFile; fileRef = B2E4E34F18D6DE7D00C0C0F5 /* HXTTabBarViewController.m */; };
		B2E4E35118D6DE7D00C0C0F5 /* HXTTabBarViewController.m in Sources */ = {isa = PBXBuildFile; fileRef = B2E4E34F18D6DE7D00C0C0F5 /* HXTTabBarViewController.m */; };
/* End PBXBuildFile section */

/* Begin PBXContainerItemProxy section */
		B2C27DAE18B48432003AA091 /* PBXContainerItemProxy */ = {
			isa = PBXContainerItemProxy;
			containerPortal = B2C27D8018B48432003AA091 /* Project object */;
			proxyType = 1;
			remoteGlobalIDString = B2C27D8718B48432003AA091;
			remoteInfo = ButlerCard;
		};
/* End PBXContainerItemProxy section */

/* Begin PBXFileReference section */
		079B0BD346A049589BA9660B /* Pods.xcconfig */ = {isa = PBXFileReference; includeInIndex = 1; lastKnownFileType = text.xcconfig; name = Pods.xcconfig; path = Pods/Pods.xcconfig; sourceTree = "<group>"; };
		17FC7110AE204E14A8C22B67 /* libPods.a */ = {isa = PBXFileReference; explicitFileType = archive.ar; includeInIndex = 0; path = libPods.a; sourceTree = BUILT_PRODUCTS_DIR; };
		231F444318DC1D550042FA6C /* MagicPieLayer.h */ = {isa = PBXFileReference; fileEncoding = 4; lastKnownFileType = sourcecode.c.h; path = MagicPieLayer.h; sourceTree = "<group>"; };
		231F444418DC1D550042FA6C /* PieLayer.h */ = {isa = PBXFileReference; fileEncoding = 4; lastKnownFileType = sourcecode.c.h; path = PieLayer.h; sourceTree = "<group>"; };
		231F444518DC1D550042FA6C /* PieLayer.m */ = {isa = PBXFileReference; fileEncoding = 4; lastKnownFileType = sourcecode.c.objc; path = PieLayer.m; sourceTree = "<group>"; };
		231F444618DC1D550042FA6C /* NSMutableArray+pieEx.h */ = {isa = PBXFileReference; fileEncoding = 4; lastKnownFileType = sourcecode.c.h; path = "NSMutableArray+pieEx.h"; sourceTree = "<group>"; };
		231F444718DC1D550042FA6C /* NSMutableArray+pieEx.m */ = {isa = PBXFileReference; fileEncoding = 4; lastKnownFileType = sourcecode.c.objc; path = "NSMutableArray+pieEx.m"; sourceTree = "<group>"; };
		231F444818DC1D550042FA6C /* PieElement.h */ = {isa = PBXFileReference; fileEncoding = 4; lastKnownFileType = sourcecode.c.h; path = PieElement.h; sourceTree = "<group>"; };
		231F444918DC1D550042FA6C /* PieElement.m */ = {isa = PBXFileReference; fileEncoding = 4; lastKnownFileType = sourcecode.c.objc; path = PieElement.m; sourceTree = "<group>"; };
		231F444D18DC1D720042FA6C /* Example2PieView.h */ = {isa = PBXFileReference; fileEncoding = 4; lastKnownFileType = sourcecode.c.h; path = Example2PieView.h; sourceTree = "<group>"; };
		231F444E18DC1D720042FA6C /* Example2PieView.m */ = {isa = PBXFileReference; fileEncoding = 4; lastKnownFileType = sourcecode.c.objc; path = Example2PieView.m; sourceTree = "<group>"; };
		231F445018DC1DF20042FA6C /* CYBillPieViewController.h */ = {isa = PBXFileReference; fileEncoding = 4; lastKnownFileType = sourcecode.c.h; path = CYBillPieViewController.h; sourceTree = "<group>"; };
		231F445118DC1DF20042FA6C /* CYBillPieViewController.m */ = {isa = PBXFileReference; fileEncoding = 4; lastKnownFileType = sourcecode.c.objc; path = CYBillPieViewController.m; sourceTree = "<group>"; };
		231F445318DC1E690042FA6C /* MyPieElement.h */ = {isa = PBXFileReference; fileEncoding = 4; lastKnownFileType = sourcecode.c.h; path = MyPieElement.h; sourceTree = "<group>"; };
		231F445418DC1E690042FA6C /* MyPieElement.m */ = {isa = PBXFileReference; fileEncoding = 4; lastKnownFileType = sourcecode.c.objc; path = MyPieElement.m; sourceTree = "<group>"; };
		236E3B2218E0DA3800E0619E /* KeyboardCommon.h */ = {isa = PBXFileReference; fileEncoding = 4; lastKnownFileType = sourcecode.c.h; path = KeyboardCommon.h; sourceTree = "<group>"; };
		236E3B2318E0DA3800E0619E /* KeyboardCommon.m */ = {isa = PBXFileReference; fileEncoding = 4; lastKnownFileType = sourcecode.c.objc; path = KeyboardCommon.m; sourceTree = "<group>"; };
		236E3B2418E0DA3800E0619E /* NSArrayAdditionals.h */ = {isa = PBXFileReference; fileEncoding = 4; lastKnownFileType = sourcecode.c.h; path = NSArrayAdditionals.h; sourceTree = "<group>"; };
		236E3B2518E0DA3800E0619E /* NSArrayAdditionals.m */ = {isa = PBXFileReference; fileEncoding = 4; lastKnownFileType = sourcecode.c.objc; path = NSArrayAdditionals.m; sourceTree = "<group>"; };
		236E3B2618E0DA3800E0619E /* NSDataAdditions.h */ = {isa = PBXFileReference; fileEncoding = 4; lastKnownFileType = sourcecode.c.h; path = NSDataAdditions.h; sourceTree = "<group>"; };
		236E3B2718E0DA3800E0619E /* NSDataAdditions.m */ = {isa = PBXFileReference; fileEncoding = 4; lastKnownFileType = sourcecode.c.objc; path = NSDataAdditions.m; sourceTree = "<group>"; };
		236E3B2818E0DA3800E0619E /* NSDictionaryAdditions.h */ = {isa = PBXFileReference; fileEncoding = 4; lastKnownFileType = sourcecode.c.h; path = NSDictionaryAdditions.h; sourceTree = "<group>"; };
		236E3B2918E0DA3800E0619E /* NSDictionaryAdditions.m */ = {isa = PBXFileReference; fileEncoding = 4; lastKnownFileType = sourcecode.c.objc; path = NSDictionaryAdditions.m; sourceTree = "<group>"; };
		236E3B2A18E0DA3800E0619E /* NSStringAdditions.h */ = {isa = PBXFileReference; fileEncoding = 4; lastKnownFileType = sourcecode.c.h; path = NSStringAdditions.h; sourceTree = "<group>"; };
		236E3B2B18E0DA3800E0619E /* NSStringAdditions.m */ = {isa = PBXFileReference; fileEncoding = 4; lastKnownFileType = sourcecode.c.objc; path = NSStringAdditions.m; sourceTree = "<group>"; };
		236E3B3C18E0DA3800E0619E /* Reachability.h */ = {isa = PBXFileReference; fileEncoding = 4; lastKnownFileType = sourcecode.c.h; path = Reachability.h; sourceTree = "<group>"; };
		236E3B3D18E0DA3800E0619E /* Reachability.m */ = {isa = PBXFileReference; fileEncoding = 4; lastKnownFileType = sourcecode.c.objc; path = Reachability.m; sourceTree = "<group>"; };
		236E3B3E18E0DA3800E0619E /* UIDevice+Resolutions.h */ = {isa = PBXFileReference; fileEncoding = 4; lastKnownFileType = sourcecode.c.h; name = "UIDevice+Resolutions.h"; path = "Global/UIDevice+Resolutions.h"; sourceTree = "<group>"; };
		236E3B3F18E0DA3800E0619E /* UIDevice+Resolutions.m */ = {isa = PBXFileReference; fileEncoding = 4; lastKnownFileType = sourcecode.c.objc; name = "UIDevice+Resolutions.m"; path = "Global/UIDevice+Resolutions.m"; sourceTree = "<group>"; };
		236E3B4218E0DA3800E0619E /* checkbox_checked.png */ = {isa = PBXFileReference; lastKnownFileType = image.png; path = checkbox_checked.png; sourceTree = "<group>"; };
		236E3B4318E0DA3800E0619E /* checkbox_unchecked.png */ = {isa = PBXFileReference; lastKnownFileType = image.png; path = checkbox_unchecked.png; sourceTree = "<group>"; };
		236E3B4418E0DA3800E0619E /* HXTCheckBox.h */ = {isa = PBXFileReference; fileEncoding = 4; lastKnownFileType = sourcecode.c.h; path = HXTCheckBox.h; sourceTree = "<group>"; };
		236E3B4518E0DA3800E0619E /* HXTCheckBox.m */ = {isa = PBXFileReference; fileEncoding = 4; lastKnownFileType = sourcecode.c.objc; path = HXTCheckBox.m; sourceTree = "<group>"; };
		236E3B4718E0DA3800E0619E /* housingEstate.jpg */ = {isa = PBXFileReference; lastKnownFileType = image.jpeg; path = housingEstate.jpg; sourceTree = "<group>"; };
		236E3B4918E0DA3800E0619E /* HXTViewWithArrow.h */ = {isa = PBXFileReference; fileEncoding = 4; lastKnownFileType = sourcecode.c.h; path = HXTViewWithArrow.h; sourceTree = "<group>"; };
		236E3B4A18E0DA3800E0619E /* HXTViewWithArrow.m */ = {isa = PBXFileReference; fileEncoding = 4; lastKnownFileType = sourcecode.c.objc; path = HXTViewWithArrow.m; sourceTree = "<group>"; };
		236E3B6618E0DCD200E0619E /* CFNetwork.framework */ = {isa = PBXFileReference; lastKnownFileType = wrapper.framework; name = CFNetwork.framework; path = System/Library/Frameworks/CFNetwork.framework; sourceTree = SDKROOT; };
		236E3B6818E0DCFF00E0619E /* libz.1.2.5.dylib */ = {isa = PBXFileReference; lastKnownFileType = "compiled.mach-o.dylib"; name = libz.1.2.5.dylib; path = usr/lib/libz.1.2.5.dylib; sourceTree = SDKROOT; };
		2385634118DADA6B005D5AF5 /* CYMyPropertyTableViewController.h */ = {isa = PBXFileReference; fileEncoding = 4; lastKnownFileType = sourcecode.c.h; path = CYMyPropertyTableViewController.h; sourceTree = "<group>"; };
		2385634218DADA6B005D5AF5 /* CYMyPropertyTableViewController.m */ = {isa = PBXFileReference; fileEncoding = 4; lastKnownFileType = sourcecode.c.objc; path = CYMyPropertyTableViewController.m; sourceTree = "<group>"; };
		2385634718DAE03E005D5AF5 /* CYMyBillTableViewController.h */ = {isa = PBXFileReference; fileEncoding = 4; lastKnownFileType = sourcecode.c.h; path = CYMyBillTableViewController.h; sourceTree = "<group>"; };
		2385634818DAE03E005D5AF5 /* CYMyBillTableViewController.m */ = {isa = PBXFileReference; fileEncoding = 4; lastKnownFileType = sourcecode.c.objc; path = CYMyBillTableViewController.m; sourceTree = "<group>"; };
		2385634E18DAE22D005D5AF5 /* CYMyBillDetailCell.h */ = {isa = PBXFileReference; fileEncoding = 4; lastKnownFileType = sourcecode.c.h; path = CYMyBillDetailCell.h; sourceTree = "<group>"; };
		2385634F18DAE22E005D5AF5 /* CYMyBillDetailCell.m */ = {isa = PBXFileReference; fileEncoding = 4; lastKnownFileType = sourcecode.c.objc; path = CYMyBillDetailCell.m; sourceTree = "<group>"; };
		2385635118DAE242005D5AF5 /* CYMyBillMonthCell.h */ = {isa = PBXFileReference; fileEncoding = 4; lastKnownFileType = sourcecode.c.h; path = CYMyBillMonthCell.h; sourceTree = "<group>"; };
		2385635218DAE242005D5AF5 /* CYMyBillMonthCell.m */ = {isa = PBXFileReference; fileEncoding = 4; lastKnownFileType = sourcecode.c.objc; path = CYMyBillMonthCell.m; sourceTree = "<group>"; };
		23D5EAC618E16B270063AB9A /* CYActivityViewController.h */ = {isa = PBXFileReference; fileEncoding = 4; lastKnownFileType = sourcecode.c.h; path = CYActivityViewController.h; sourceTree = "<group>"; };
		23D5EAC718E16B270063AB9A /* CYActivityViewController.m */ = {isa = PBXFileReference; fileEncoding = 4; lastKnownFileType = sourcecode.c.objc; path = CYActivityViewController.m; sourceTree = "<group>"; };
		23D5EAC918E16B460063AB9A /* CYActivityCell.h */ = {isa = PBXFileReference; fileEncoding = 4; lastKnownFileType = sourcecode.c.h; path = CYActivityCell.h; sourceTree = "<group>"; };
		23D5EACA18E16B460063AB9A /* CYActivityCell.m */ = {isa = PBXFileReference; fileEncoding = 4; lastKnownFileType = sourcecode.c.objc; path = CYActivityCell.m; sourceTree = "<group>"; };
		23D5EACC18E178CD0063AB9A /* CYMyOrderViewController.h */ = {isa = PBXFileReference; fileEncoding = 4; lastKnownFileType = sourcecode.c.h; path = CYMyOrderViewController.h; sourceTree = "<group>"; };
		23D5EACD18E178CD0063AB9A /* CYMyOrderViewController.m */ = {isa = PBXFileReference; fileEncoding = 4; lastKnownFileType = sourcecode.c.objc; path = CYMyOrderViewController.m; sourceTree = "<group>"; };
		23D5EACF18E17F3A0063AB9A /* CYMsgTableViewController.h */ = {isa = PBXFileReference; fileEncoding = 4; lastKnownFileType = sourcecode.c.h; path = CYMsgTableViewController.h; sourceTree = "<group>"; };
		23D5EAD018E17F3A0063AB9A /* CYMsgTableViewController.m */ = {isa = PBXFileReference; fileEncoding = 4; lastKnownFileType = sourcecode.c.objc; path = CYMsgTableViewController.m; sourceTree = "<group>"; };
		23D5EAD218E17F570063AB9A /* CYMsgCell.h */ = {isa = PBXFileReference; fileEncoding = 4; lastKnownFileType = sourcecode.c.h; path = CYMsgCell.h; sourceTree = "<group>"; };
		23D5EAD318E17F570063AB9A /* CYMsgCell.m */ = {isa = PBXFileReference; fileEncoding = 4; lastKnownFileType = sourcecode.c.objc; path = CYMsgCell.m; sourceTree = "<group>"; };
		23D5EAD518E181B20063AB9A /* CYFeedBackViewController.h */ = {isa = PBXFileReference; fileEncoding = 4; lastKnownFileType = sourcecode.c.h; path = CYFeedBackViewController.h; sourceTree = "<group>"; };
		23D5EAD618E181B20063AB9A /* CYFeedBackViewController.m */ = {isa = PBXFileReference; fileEncoding = 4; lastKnownFileType = sourcecode.c.objc; path = CYFeedBackViewController.m; sourceTree = "<group>"; };
		B2380E0418B6FC3B00D895DA /* Base */ = {isa = PBXFileReference; lastKnownFileType = file.storyboard; name = Base; path = Base.lproj/MyProperty.storyboard; sourceTree = "<group>"; };
		B25A8A2018D92B7F00A8D145 /* HXTNavigationController.h */ = {isa = PBXFileReference; fileEncoding = 4; lastKnownFileType = sourcecode.c.h; name = HXTNavigationController.h; path = Home/HXTNavigationController.h; sourceTree = "<group>"; };
		B25A8A2118D92B7F00A8D145 /* HXTNavigationController.m */ = {isa = PBXFileReference; fileEncoding = 4; lastKnownFileType = sourcecode.c.objc; name = HXTNavigationController.m; path = Home/HXTNavigationController.m; sourceTree = "<group>"; };
		B291D55118D97D72008ACE36 /* HXTChooseHousingEstateTableViewController.h */ = {isa = PBXFileReference; fileEncoding = 4; lastKnownFileType = sourcecode.c.h; path = HXTChooseHousingEstateTableViewController.h; sourceTree = "<group>"; };
		B291D55218D97D72008ACE36 /* HXTChooseHousingEstateTableViewController.m */ = {isa = PBXFileReference; fileEncoding = 4; lastKnownFileType = sourcecode.c.objc; path = HXTChooseHousingEstateTableViewController.m; sourceTree = "<group>"; };
		B291D55518D9E78F008ACE36 /* HXTSelectCitySecondLevelViewController.h */ = {isa = PBXFileReference; fileEncoding = 4; lastKnownFileType = sourcecode.c.h; path = HXTSelectCitySecondLevelViewController.h; sourceTree = "<group>"; };
		B291D55618D9E78F008ACE36 /* HXTSelectCitySecondLevelViewController.m */ = {isa = PBXFileReference; fileEncoding = 4; lastKnownFileType = sourcecode.c.objc; path = HXTSelectCitySecondLevelViewController.m; sourceTree = "<group>"; };
		B2A4441218C5CAD5008A4592 /* Base */ = {isa = PBXFileReference; lastKnownFileType = file.storyboard; name = Base; path = Base.lproj/EcologicalDistribution.storyboard; sourceTree = "<group>"; };
		B2AA7EA418D2AAE800F4EF88 /* HXTLoginViewController.h */ = {isa = PBXFileReference; fileEncoding = 4; lastKnownFileType = sourcecode.c.h; path = HXTLoginViewController.h; sourceTree = "<group>"; };
		B2AA7EA518D2AAE800F4EF88 /* HXTLoginViewController.m */ = {isa = PBXFileReference; fileEncoding = 4; lastKnownFileType = sourcecode.c.objc; path = HXTLoginViewController.m; sourceTree = "<group>"; };
		B2AA7EA618D2AAE800F4EF88 /* HXTRegisterAccountViewController.h */ = {isa = PBXFileReference; fileEncoding = 4; lastKnownFileType = sourcecode.c.h; path = HXTRegisterAccountViewController.h; sourceTree = "<group>"; };
		B2AA7EA718D2AAE800F4EF88 /* HXTRegisterAccountViewController.m */ = {isa = PBXFileReference; fileEncoding = 4; lastKnownFileType = sourcecode.c.objc; path = HXTRegisterAccountViewController.m; sourceTree = "<group>"; };
		B2AA7EA918D2AAE800F4EF88 /* HXTAccountManager.h */ = {isa = PBXFileReference; fileEncoding = 4; lastKnownFileType = sourcecode.c.h; path = HXTAccountManager.h; sourceTree = "<group>"; };
		B2AA7EAA18D2AAE800F4EF88 /* HXTAccountManager.m */ = {isa = PBXFileReference; fileEncoding = 4; lastKnownFileType = sourcecode.c.objc; path = HXTAccountManager.m; sourceTree = "<group>"; };
		B2AA7EF618D2AFAD00F4EF88 /* HXTHomeViewController.h */ = {isa = PBXFileReference; fileEncoding = 4; lastKnownFileType = sourcecode.c.h; name = HXTHomeViewController.h; path = Home/HXTHomeViewController.h; sourceTree = "<group>"; };
		B2AA7EF718D2AFAD00F4EF88 /* HXTHomeViewController.m */ = {isa = PBXFileReference; fileEncoding = 4; lastKnownFileType = sourcecode.c.objc; name = HXTHomeViewController.m; path = Home/HXTHomeViewController.m; sourceTree = "<group>"; };
		B2BB18DD18D829D700BD9FC9 /* HXTSurroundingLifeViewController.h */ = {isa = PBXFileReference; fileEncoding = 4; lastKnownFileType = sourcecode.c.h; path = HXTSurroundingLifeViewController.h; sourceTree = "<group>"; };
		B2BB18DE18D829D700BD9FC9 /* HXTSurroundingLifeViewController.m */ = {isa = PBXFileReference; fileEncoding = 4; lastKnownFileType = sourcecode.c.objc; path = HXTSurroundingLifeViewController.m; sourceTree = "<group>"; };
		B2BB18E018D829D700BD9FC9 /* HXTIGoViewController.h */ = {isa = PBXFileReference; fileEncoding = 4; lastKnownFileType = sourcecode.c.h; path = HXTIGoViewController.h; sourceTree = "<group>"; };
		B2BB18E118D829D700BD9FC9 /* HXTIGoViewController.m */ = {isa = PBXFileReference; fileEncoding = 4; lastKnownFileType = sourcecode.c.objc; path = HXTIGoViewController.m; sourceTree = "<group>"; };
		B2BB18E218D829D700BD9FC9 /* HXTIGoWithTypeViewController.h */ = {isa = PBXFileReference; fileEncoding = 4; lastKnownFileType = sourcecode.c.h; path = HXTIGoWithTypeViewController.h; sourceTree = "<group>"; };
		B2BB18E318D829D700BD9FC9 /* HXTIGoWithTypeViewController.m */ = {isa = PBXFileReference; fileEncoding = 4; lastKnownFileType = sourcecode.c.objc; path = HXTIGoWithTypeViewController.m; sourceTree = "<group>"; };
		B2BB18E518D829D700BD9FC9 /* HXTTheGroceryStoreViewController.h */ = {isa = PBXFileReference; fileEncoding = 4; lastKnownFileType = sourcecode.c.h; path = HXTTheGroceryStoreViewController.h; sourceTree = "<group>"; };
		B2BB18E618D829D700BD9FC9 /* HXTTheGroceryStoreViewController.m */ = {isa = PBXFileReference; fileEncoding = 4; lastKnownFileType = sourcecode.c.objc; path = HXTTheGroceryStoreViewController.m; sourceTree = "<group>"; };
		B2C016DB18D2B2040058F1BF /* Base */ = {isa = PBXFileReference; lastKnownFileType = file.storyboard; name = Base; path = Base.lproj/AccountManager.storyboard; sourceTree = "<group>"; };
		B2C016E118D2B3EB0058F1BF /* Base */ = {isa = PBXFileReference; lastKnownFileType = file.storyboard; name = Base; path = Base.lproj/ChooseHouse.storyboard; sourceTree = "<group>"; };
		B2C016E618D2BA310058F1BF /* HXTChooseHousingEstateViewController.h */ = {isa = PBXFileReference; fileEncoding = 4; lastKnownFileType = sourcecode.c.h; path = HXTChooseHousingEstateViewController.h; sourceTree = "<group>"; };
		B2C016E718D2BA310058F1BF /* HXTChooseHousingEstateViewController.m */ = {isa = PBXFileReference; fileEncoding = 4; lastKnownFileType = sourcecode.c.objc; path = HXTChooseHousingEstateViewController.m; sourceTree = "<group>"; };
		B2C016EC18D2BB8F0058F1BF /* HXTSelectCityViewController.h */ = {isa = PBXFileReference; fileEncoding = 4; lastKnownFileType = sourcecode.c.h; path = HXTSelectCityViewController.h; sourceTree = "<group>"; };
		B2C016ED18D2BB8F0058F1BF /* HXTSelectCityViewController.m */ = {isa = PBXFileReference; fileEncoding = 4; lastKnownFileType = sourcecode.c.objc; path = HXTSelectCityViewController.m; sourceTree = "<group>"; };
		B2C016F118D2BD1F0058F1BF /* hotCities.plist */ = {isa = PBXFileReference; fileEncoding = 4; lastKnownFileType = text.plist.xml; path = hotCities.plist; sourceTree = "<group>"; };
		B2C016F218D2BD1F0058F1BF /* provinces.plist */ = {isa = PBXFileReference; fileEncoding = 4; lastKnownFileType = text.plist.xml; path = provinces.plist; sourceTree = "<group>"; };
		B2C016F318D2BD1F0058F1BF /* provinces_bck.plist */ = {isa = PBXFileReference; fileEncoding = 4; lastKnownFileType = text.plist.xml; path = provinces_bck.plist; sourceTree = "<group>"; };
		B2C016F418D2BD1F0058F1BF /* region.plist */ = {isa = PBXFileReference; fileEncoding = 4; lastKnownFileType = text.plist.xml; path = region.plist; sourceTree = "<group>"; };
		B2C27D8818B48432003AA091 /* ButlerCard.app */ = {isa = PBXFileReference; explicitFileType = wrapper.application; includeInIndex = 0; path = ButlerCard.app; sourceTree = BUILT_PRODUCTS_DIR; };
		B2C27D8B18B48432003AA091 /* Foundation.framework */ = {isa = PBXFileReference; lastKnownFileType = wrapper.framework; name = Foundation.framework; path = System/Library/Frameworks/Foundation.framework; sourceTree = SDKROOT; };
		B2C27D8D18B48432003AA091 /* CoreGraphics.framework */ = {isa = PBXFileReference; lastKnownFileType = wrapper.framework; name = CoreGraphics.framework; path = System/Library/Frameworks/CoreGraphics.framework; sourceTree = SDKROOT; };
		B2C27D8F18B48432003AA091 /* UIKit.framework */ = {isa = PBXFileReference; lastKnownFileType = wrapper.framework; name = UIKit.framework; path = System/Library/Frameworks/UIKit.framework; sourceTree = SDKROOT; };
		B2C27D9318B48432003AA091 /* ButlerCard-Info.plist */ = {isa = PBXFileReference; lastKnownFileType = text.plist.xml; path = "ButlerCard-Info.plist"; sourceTree = "<group>"; };
		B2C27D9718B48432003AA091 /* main.m */ = {isa = PBXFileReference; lastKnownFileType = sourcecode.c.objc; path = main.m; sourceTree = "<group>"; };
		B2C27D9918B48432003AA091 /* ButlerCard-Prefix.pch */ = {isa = PBXFileReference; lastKnownFileType = sourcecode.c.h; path = "ButlerCard-Prefix.pch"; sourceTree = "<group>"; };
		B2C27D9A18B48432003AA091 /* HXTAppDelegate.h */ = {isa = PBXFileReference; lastKnownFileType = sourcecode.c.h; path = HXTAppDelegate.h; sourceTree = "<group>"; };
		B2C27D9B18B48432003AA091 /* HXTAppDelegate.m */ = {isa = PBXFileReference; lastKnownFileType = sourcecode.c.objc; path = HXTAppDelegate.m; sourceTree = "<group>"; };
		B2C27D9E18B48432003AA091 /* Base */ = {isa = PBXFileReference; lastKnownFileType = file.storyboard; name = Base; path = Base.lproj/Home.storyboard; sourceTree = "<group>"; };
		B2C27DA318B48432003AA091 /* Images.xcassets */ = {isa = PBXFileReference; lastKnownFileType = folder.assetcatalog; path = Images.xcassets; sourceTree = "<group>"; };
		B2C27DA918B48432003AA091 /* ButlerCardTests.xctest */ = {isa = PBXFileReference; explicitFileType = wrapper.cfbundle; includeInIndex = 0; path = ButlerCardTests.xctest; sourceTree = BUILT_PRODUCTS_DIR; };
		B2C27DAA18B48432003AA091 /* XCTest.framework */ = {isa = PBXFileReference; lastKnownFileType = wrapper.framework; name = XCTest.framework; path = Library/Frameworks/XCTest.framework; sourceTree = DEVELOPER_DIR; };
		B2C27DB218B48432003AA091 /* ButlerCardTests-Info.plist */ = {isa = PBXFileReference; lastKnownFileType = text.plist.xml; path = "ButlerCardTests-Info.plist"; sourceTree = "<group>"; };
		B2C27DB618B48432003AA091 /* ButlerCardTests.m */ = {isa = PBXFileReference; lastKnownFileType = sourcecode.c.objc; path = ButlerCardTests.m; sourceTree = "<group>"; };
		B2CE1BEA18D2A912007A754D /* HXTBindCardViewController.h */ = {isa = PBXFileReference; fileEncoding = 4; lastKnownFileType = sourcecode.c.h; path = HXTBindCardViewController.h; sourceTree = "<group>"; };
		B2CE1BEB18D2A912007A754D /* HXTBindCardViewController.m */ = {isa = PBXFileReference; fileEncoding = 4; lastKnownFileType = sourcecode.c.objc; path = HXTBindCardViewController.m; sourceTree = "<group>"; };
		B2CE1BEE18D2A912007A754D /* HXTMyPropertyViewController.h */ = {isa = PBXFileReference; fileEncoding = 4; lastKnownFileType = sourcecode.c.h; path = HXTMyPropertyViewController.h; sourceTree = "<group>"; };
		B2CE1BEF18D2A912007A754D /* HXTMyPropertyViewController.m */ = {isa = PBXFileReference; fileEncoding = 4; lastKnownFileType = sourcecode.c.objc; path = HXTMyPropertyViewController.m; sourceTree = "<group>"; };
		B2CE1BF018D2A912007A754D /* HXTPropertyItemDetailTableViewController.h */ = {isa = PBXFileReference; fileEncoding = 4; lastKnownFileType = sourcecode.c.h; path = HXTPropertyItemDetailTableViewController.h; sourceTree = "<group>"; };
		B2CE1BF118D2A912007A754D /* HXTPropertyItemDetailTableViewController.m */ = {isa = PBXFileReference; fileEncoding = 4; lastKnownFileType = sourcecode.c.objc; path = HXTPropertyItemDetailTableViewController.m; sourceTree = "<group>"; };
		B2CE1BF518D2A912007A754D /* HXTHouse.h */ = {isa = PBXFileReference; fileEncoding = 4; lastKnownFileType = sourcecode.c.h; path = HXTHouse.h; sourceTree = "<group>"; };
		B2CE1BF618D2A912007A754D /* HXTHouse.m */ = {isa = PBXFileReference; fileEncoding = 4; lastKnownFileType = sourcecode.c.objc; path = HXTHouse.m; sourceTree = "<group>"; };
		B2CE1BF718D2A912007A754D /* HXTMyProperties.h */ = {isa = PBXFileReference; fileEncoding = 4; lastKnownFileType = sourcecode.c.h; path = HXTMyProperties.h; sourceTree = "<group>"; };
		B2CE1BF818D2A912007A754D /* HXTMyProperties.m */ = {isa = PBXFileReference; fileEncoding = 4; lastKnownFileType = sourcecode.c.objc; path = HXTMyProperties.m; sourceTree = "<group>"; };
		B2CE1BF918D2A912007A754D /* HXTPropertyFeeCell.h */ = {isa = PBXFileReference; fileEncoding = 4; lastKnownFileType = sourcecode.c.h; path = HXTPropertyFeeCell.h; sourceTree = "<group>"; };
		B2CE1BFA18D2A912007A754D /* HXTPropertyFeeCell.m */ = {isa = PBXFileReference; fileEncoding = 4; lastKnownFileType = sourcecode.c.objc; path = HXTPropertyFeeCell.m; sourceTree = "<group>"; };
		B2CE1BFB18D2A912007A754D /* HXTPropertyFeeDetailCell.h */ = {isa = PBXFileReference; fileEncoding = 4; lastKnownFileType = sourcecode.c.h; path = HXTPropertyFeeDetailCell.h; sourceTree = "<group>"; };
		B2CE1BFC18D2A912007A754D /* HXTPropertyFeeDetailCell.m */ = {isa = PBXFileReference; fileEncoding = 4; lastKnownFileType = sourcecode.c.objc; path = HXTPropertyFeeDetailCell.m; sourceTree = "<group>"; };
		B2CE1BFD18D2A912007A754D /* HXTPropertyCell.h */ = {isa = PBXFileReference; fileEncoding = 4; lastKnownFileType = sourcecode.c.h; path = HXTPropertyCell.h; sourceTree = "<group>"; };
		B2CE1BFE18D2A912007A754D /* HXTPropertyCell.m */ = {isa = PBXFileReference; fileEncoding = 4; lastKnownFileType = sourcecode.c.objc; path = HXTPropertyCell.m; sourceTree = "<group>"; };
		B2CE1C0018D2A912007A754D /* HXTPropertyTableViewHeaderFooterView.h */ = {isa = PBXFileReference; fileEncoding = 4; lastKnownFileType = sourcecode.c.h; path = HXTPropertyTableViewHeaderFooterView.h; sourceTree = "<group>"; };
		B2CE1C0118D2A912007A754D /* HXTPropertyTableViewHeaderFooterView.m */ = {isa = PBXFileReference; fileEncoding = 4; lastKnownFileType = sourcecode.c.objc; path = HXTPropertyTableViewHeaderFooterView.m; sourceTree = "<group>"; };
		B2CE1C0218D2A912007A754D /* MyPropertyTableViewHeaderFooterView.xib */ = {isa = PBXFileReference; fileEncoding = 4; lastKnownFileType = file.xib; path = MyPropertyTableViewHeaderFooterView.xib; sourceTree = "<group>"; };
		B2D4880718B5DF1000F331D3 /* Base */ = {isa = PBXFileReference; lastKnownFileType = file.storyboard; name = Base; path = Base.lproj/SurroundingLife.storyboard; sourceTree = "<group>"; };
		B2E4E34E18D6DE7D00C0C0F5 /* HXTTabBarViewController.h */ = {isa = PBXFileReference; fileEncoding = 4; lastKnownFileType = sourcecode.c.h; name = HXTTabBarViewController.h; path = Home/HXTTabBarViewController.h; sourceTree = "<group>"; };
		B2E4E34F18D6DE7D00C0C0F5 /* HXTTabBarViewController.m */ = {isa = PBXFileReference; fileEncoding = 4; lastKnownFileType = sourcecode.c.objc; name = HXTTabBarViewController.m; path = Home/HXTTabBarViewController.m; sourceTree = "<group>"; };
/* End PBXFileReference section */

/* Begin PBXFrameworksBuildPhase section */
		B2C27D8518B48432003AA091 /* Frameworks */ = {
			isa = PBXFrameworksBuildPhase;
			buildActionMask = 2147483647;
			files = (
				236E3B6918E0DCFF00E0619E /* libz.1.2.5.dylib in Frameworks */,
				236E3B6718E0DCD200E0619E /* CFNetwork.framework in Frameworks */,
				B2C27D8E18B48432003AA091 /* CoreGraphics.framework in Frameworks */,
				B2C27D9018B48432003AA091 /* UIKit.framework in Frameworks */,
				B2C27D8C18B48432003AA091 /* Foundation.framework in Frameworks */,
				53DD8B63B9B84B5DB2207E3D /* libPods.a in Frameworks */,
			);
			runOnlyForDeploymentPostprocessing = 0;
		};
		B2C27DA618B48432003AA091 /* Frameworks */ = {
			isa = PBXFrameworksBuildPhase;
			buildActionMask = 2147483647;
			files = (
				B2C27DAB18B48432003AA091 /* XCTest.framework in Frameworks */,
				B2C27DAD18B48432003AA091 /* UIKit.framework in Frameworks */,
				B2C27DAC18B48432003AA091 /* Foundation.framework in Frameworks */,
			);
			runOnlyForDeploymentPostprocessing = 0;
		};
/* End PBXFrameworksBuildPhase section */

/* Begin PBXGroup section */
		231F444218DC1D430042FA6C /* MagicPieLayer */ = {
			isa = PBXGroup;
			children = (
				231F444318DC1D550042FA6C /* MagicPieLayer.h */,
				231F444418DC1D550042FA6C /* PieLayer.h */,
				231F444518DC1D550042FA6C /* PieLayer.m */,
				231F444618DC1D550042FA6C /* NSMutableArray+pieEx.h */,
				231F444718DC1D550042FA6C /* NSMutableArray+pieEx.m */,
				231F444818DC1D550042FA6C /* PieElement.h */,
				231F444918DC1D550042FA6C /* PieElement.m */,
			);
			name = MagicPieLayer;
			sourceTree = "<group>";
		};
		236E3B2118E0DA3800E0619E /* Extra */ = {
			isa = PBXGroup;
			children = (
				236E3B2218E0DA3800E0619E /* KeyboardCommon.h */,
				236E3B2318E0DA3800E0619E /* KeyboardCommon.m */,
				236E3B2418E0DA3800E0619E /* NSArrayAdditionals.h */,
				236E3B2518E0DA3800E0619E /* NSArrayAdditionals.m */,
				236E3B2618E0DA3800E0619E /* NSDataAdditions.h */,
				236E3B2718E0DA3800E0619E /* NSDataAdditions.m */,
				236E3B2818E0DA3800E0619E /* NSDictionaryAdditions.h */,
				236E3B2918E0DA3800E0619E /* NSDictionaryAdditions.m */,
				236E3B2A18E0DA3800E0619E /* NSStringAdditions.h */,
				236E3B2B18E0DA3800E0619E /* NSStringAdditions.m */,
			);
			name = Extra;
			path = Global/Extra;
			sourceTree = "<group>";
		};
		236E3B3A18E0DA3800E0619E /* Model */ = {
			isa = PBXGroup;
			children = (
			);
			name = Model;
			path = Global/Model;
			sourceTree = "<group>";
		};
		236E3B3B18E0DA3800E0619E /* Reachability */ = {
			isa = PBXGroup;
			children = (
				236E3B3C18E0DA3800E0619E /* Reachability.h */,
				236E3B3D18E0DA3800E0619E /* Reachability.m */,
			);
			name = Reachability;
			path = Global/Reachability;
			sourceTree = "<group>";
		};
		236E3B4018E0DA3800E0619E /* View */ = {
			isa = PBXGroup;
			children = (
				236E3B4118E0DA3800E0619E /* CheckBox */,
				236E3B4618E0DA3800E0619E /* Images */,
				236E3B4818E0DA3800E0619E /* ViewWithArrow */,
			);
			name = View;
			path = Global/View;
			sourceTree = "<group>";
		};
		236E3B4118E0DA3800E0619E /* CheckBox */ = {
			isa = PBXGroup;
			children = (
				236E3B4218E0DA3800E0619E /* checkbox_checked.png */,
				236E3B4318E0DA3800E0619E /* checkbox_unchecked.png */,
				236E3B4418E0DA3800E0619E /* HXTCheckBox.h */,
				236E3B4518E0DA3800E0619E /* HXTCheckBox.m */,
			);
			path = CheckBox;
			sourceTree = "<group>";
		};
		236E3B4618E0DA3800E0619E /* Images */ = {
			isa = PBXGroup;
			children = (
				236E3B4718E0DA3800E0619E /* housingEstate.jpg */,
			);
			path = Images;
			sourceTree = "<group>";
		};
		236E3B4818E0DA3800E0619E /* ViewWithArrow */ = {
			isa = PBXGroup;
			children = (
				236E3B4918E0DA3800E0619E /* HXTViewWithArrow.h */,
				236E3B4A18E0DA3800E0619E /* HXTViewWithArrow.m */,
			);
			path = ViewWithArrow;
			sourceTree = "<group>";
		};
		2385633E18DADA6B005D5AF5 /* MyButler---------我的管家 */ = {
			isa = PBXGroup;
			children = (
				2385634518DADA9B005D5AF5 /* Controller */,
				2385634618DADAA4005D5AF5 /* Model */,
			);
			name = "MyButler---------我的管家";
			path = MyButler;
			sourceTree = "<group>";
		};
		2385634518DADA9B005D5AF5 /* Controller */ = {
			isa = PBXGroup;
			children = (
				2385634118DADA6B005D5AF5 /* CYMyPropertyTableViewController.h */,
				2385634218DADA6B005D5AF5 /* CYMyPropertyTableViewController.m */,
				2385634718DAE03E005D5AF5 /* CYMyBillTableViewController.h */,
				2385634818DAE03E005D5AF5 /* CYMyBillTableViewController.m */,
				231F445018DC1DF20042FA6C /* CYBillPieViewController.h */,
				231F445118DC1DF20042FA6C /* CYBillPieViewController.m */,
				23D5EAC618E16B270063AB9A /* CYActivityViewController.h */,
				23D5EAC718E16B270063AB9A /* CYActivityViewController.m */,
				23D5EACC18E178CD0063AB9A /* CYMyOrderViewController.h */,
				23D5EACD18E178CD0063AB9A /* CYMyOrderViewController.m */,
				23D5EACF18E17F3A0063AB9A /* CYMsgTableViewController.h */,
				23D5EAD018E17F3A0063AB9A /* CYMsgTableViewController.m */,
				23D5EAD518E181B20063AB9A /* CYFeedBackViewController.h */,
				23D5EAD618E181B20063AB9A /* CYFeedBackViewController.m */,
			);
			name = Controller;
			sourceTree = "<group>";
		};
		2385634618DADAA4005D5AF5 /* Model */ = {
			isa = PBXGroup;
			children = (
				23D5EAD218E17F570063AB9A /* CYMsgCell.h */,
				23D5EAD318E17F570063AB9A /* CYMsgCell.m */,
				23D5EAC918E16B460063AB9A /* CYActivityCell.h */,
				23D5EACA18E16B460063AB9A /* CYActivityCell.m */,
				231F445318DC1E690042FA6C /* MyPieElement.h */,
				231F445418DC1E690042FA6C /* MyPieElement.m */,
				231F444D18DC1D720042FA6C /* Example2PieView.h */,
				231F444E18DC1D720042FA6C /* Example2PieView.m */,
				2385634E18DAE22D005D5AF5 /* CYMyBillDetailCell.h */,
				2385634F18DAE22E005D5AF5 /* CYMyBillDetailCell.m */,
				2385635118DAE242005D5AF5 /* CYMyBillMonthCell.h */,
				2385635218DAE242005D5AF5 /* CYMyBillMonthCell.m */,
				231F444218DC1D430042FA6C /* MagicPieLayer */,
			);
			name = Model;
			sourceTree = "<group>";
		};
		B26B020F18E10D080008B49B /* UIDevice+Resolutions */ = {
			isa = PBXGroup;
			children = (
				236E3B3E18E0DA3800E0619E /* UIDevice+Resolutions.h */,
				236E3B3F18E0DA3800E0619E /* UIDevice+Resolutions.m */,
			);
			name = "UIDevice+Resolutions";
			sourceTree = "<group>";
		};
		B2AA7EA218D2AACB00F4EF88 /* AccountManager--账户管理 */ = {
			isa = PBXGroup;
			children = (
				B2AA7EA318D2AAE800F4EF88 /* Controller */,
				B2AA7EA818D2AAE800F4EF88 /* Model */,
				B2AA7EAB18D2AAE800F4EF88 /* View */,
			);
			name = "AccountManager--账户管理";
			sourceTree = "<group>";
		};
		B2AA7EA318D2AAE800F4EF88 /* Controller */ = {
			isa = PBXGroup;
			children = (
				B2AA7EA418D2AAE800F4EF88 /* HXTLoginViewController.h */,
				B2AA7EA518D2AAE800F4EF88 /* HXTLoginViewController.m */,
				B2AA7EA618D2AAE800F4EF88 /* HXTRegisterAccountViewController.h */,
				B2AA7EA718D2AAE800F4EF88 /* HXTRegisterAccountViewController.m */,
			);
			name = Controller;
			path = AccountManager/Controller;
			sourceTree = "<group>";
		};
		B2AA7EA818D2AAE800F4EF88 /* Model */ = {
			isa = PBXGroup;
			children = (
				B2AA7EA918D2AAE800F4EF88 /* HXTAccountManager.h */,
				B2AA7EAA18D2AAE800F4EF88 /* HXTAccountManager.m */,
			);
			name = Model;
			path = AccountManager/Model;
			sourceTree = "<group>";
		};
		B2AA7EAB18D2AAE800F4EF88 /* View */ = {
			isa = PBXGroup;
			children = (
			);
			name = View;
			path = AccountManager/View;
			sourceTree = "<group>";
		};
		B2AA7EB218D2AC4B00F4EF88 /* SurroundingLife--周边生活 */ = {
			isa = PBXGroup;
			children = (
				B2BB18DC18D829D700BD9FC9 /* Controller */,
			);
			name = "SurroundingLife--周边生活";
			sourceTree = "<group>";
		};
		B2AA7EC818D2AE2E00F4EF88 /* Global */ = {
			isa = PBXGroup;
			children = (
				236E3B2118E0DA3800E0619E /* Extra */,
				236E3B3B18E0DA3800E0619E /* Reachability */,
				B26B020F18E10D080008B49B /* UIDevice+Resolutions */,
				236E3B3A18E0DA3800E0619E /* Model */,
				236E3B4018E0DA3800E0619E /* View */,
			);
			name = Global;
			sourceTree = "<group>";
		};
		B2AA7EF518D2AF7A00F4EF88 /* Home-----------首页 */ = {
			isa = PBXGroup;
			children = (
				B2AA7EF618D2AFAD00F4EF88 /* HXTHomeViewController.h */,
				B2AA7EF718D2AFAD00F4EF88 /* HXTHomeViewController.m */,
				B2E4E34E18D6DE7D00C0C0F5 /* HXTTabBarViewController.h */,
				B2E4E34F18D6DE7D00C0C0F5 /* HXTTabBarViewController.m */,
				B25A8A2018D92B7F00A8D145 /* HXTNavigationController.h */,
				B25A8A2118D92B7F00A8D145 /* HXTNavigationController.m */,
			);
			name = "Home-----------首页";
			sourceTree = "<group>";
		};
		B2BB18DC18D829D700BD9FC9 /* Controller */ = {
			isa = PBXGroup;
			children = (
				B2BB18DD18D829D700BD9FC9 /* HXTSurroundingLifeViewController.h */,
				B2BB18DE18D829D700BD9FC9 /* HXTSurroundingLifeViewController.m */,
				B291D55118D97D72008ACE36 /* HXTChooseHousingEstateTableViewController.h */,
				B291D55218D97D72008ACE36 /* HXTChooseHousingEstateTableViewController.m */,
				B2BB18DF18D829D700BD9FC9 /* IGo */,
				B2BB18E418D829D700BD9FC9 /* YouCome */,
			);
			name = Controller;
			path = SurroundingLife/Controller;
			sourceTree = "<group>";
		};
		B2BB18DF18D829D700BD9FC9 /* IGo */ = {
			isa = PBXGroup;
			children = (
				B2BB18E018D829D700BD9FC9 /* HXTIGoViewController.h */,
				B2BB18E118D829D700BD9FC9 /* HXTIGoViewController.m */,
				B2BB18E218D829D700BD9FC9 /* HXTIGoWithTypeViewController.h */,
				B2BB18E318D829D700BD9FC9 /* HXTIGoWithTypeViewController.m */,
			);
			path = IGo;
			sourceTree = "<group>";
		};
		B2BB18E418D829D700BD9FC9 /* YouCome */ = {
			isa = PBXGroup;
			children = (
				B2BB18E518D829D700BD9FC9 /* HXTTheGroceryStoreViewController.h */,
				B2BB18E618D829D700BD9FC9 /* HXTTheGroceryStoreViewController.m */,
			);
			path = YouCome;
			sourceTree = "<group>";
		};
		B2C016E418D2BA0F0058F1BF /* ChooseHouse ----选择小区/住房/城市 */ = {
			isa = PBXGroup;
			children = (
				B2C016E518D2BA310058F1BF /* Controller */,
				B2C016E818D2BA310058F1BF /* Model */,
				B2C016E918D2BA310058F1BF /* View */,
			);
			name = "ChooseHouse ----选择小区/住房/城市";
			sourceTree = "<group>";
		};
		B2C016E518D2BA310058F1BF /* Controller */ = {
			isa = PBXGroup;
			children = (
				B2C016E618D2BA310058F1BF /* HXTChooseHousingEstateViewController.h */,
				B2C016E718D2BA310058F1BF /* HXTChooseHousingEstateViewController.m */,
				B2C016EC18D2BB8F0058F1BF /* HXTSelectCityViewController.h */,
				B2C016ED18D2BB8F0058F1BF /* HXTSelectCityViewController.m */,
				B291D55518D9E78F008ACE36 /* HXTSelectCitySecondLevelViewController.h */,
				B291D55618D9E78F008ACE36 /* HXTSelectCitySecondLevelViewController.m */,
			);
			name = Controller;
			path = ChooseHouse/Controller;
			sourceTree = "<group>";
		};
		B2C016E818D2BA310058F1BF /* Model */ = {
			isa = PBXGroup;
			children = (
				B2C016F018D2BD1F0058F1BF /* Data */,
			);
			name = Model;
			path = ChooseHouse/Model;
			sourceTree = "<group>";
		};
		B2C016E918D2BA310058F1BF /* View */ = {
			isa = PBXGroup;
			children = (
			);
			name = View;
			path = ChooseHouse/View;
			sourceTree = "<group>";
		};
		B2C016F018D2BD1F0058F1BF /* Data */ = {
			isa = PBXGroup;
			children = (
				B2C016F118D2BD1F0058F1BF /* hotCities.plist */,
				B2C016F218D2BD1F0058F1BF /* provinces.plist */,
				B2C016F318D2BD1F0058F1BF /* provinces_bck.plist */,
				B2C016F418D2BD1F0058F1BF /* region.plist */,
			);
			path = Data;
			sourceTree = "<group>";
		};
		B2C27D7F18B48432003AA091 = {
			isa = PBXGroup;
			children = (
				B2C27D9118B48432003AA091 /* ButlerCard */,
				B2C27DB018B48432003AA091 /* ButlerCardTests */,
				B2C27D8A18B48432003AA091 /* Frameworks */,
				B2C27D8918B48432003AA091 /* Products */,
				079B0BD346A049589BA9660B /* Pods.xcconfig */,
			);
			sourceTree = "<group>";
		};
		B2C27D8918B48432003AA091 /* Products */ = {
			isa = PBXGroup;
			children = (
				B2C27D8818B48432003AA091 /* ButlerCard.app */,
				B2C27DA918B48432003AA091 /* ButlerCardTests.xctest */,
			);
			name = Products;
			sourceTree = "<group>";
		};
		B2C27D8A18B48432003AA091 /* Frameworks */ = {
			isa = PBXGroup;
			children = (
				236E3B6818E0DCFF00E0619E /* libz.1.2.5.dylib */,
				236E3B6618E0DCD200E0619E /* CFNetwork.framework */,
				B2C27D8B18B48432003AA091 /* Foundation.framework */,
				B2C27D8D18B48432003AA091 /* CoreGraphics.framework */,
				B2C27D8F18B48432003AA091 /* UIKit.framework */,
				B2C27DAA18B48432003AA091 /* XCTest.framework */,
				17FC7110AE204E14A8C22B67 /* libPods.a */,
			);
			name = Frameworks;
			sourceTree = "<group>";
		};
		B2C27D9118B48432003AA091 /* ButlerCard */ = {
			isa = PBXGroup;
			children = (
				B2AA7EC818D2AE2E00F4EF88 /* Global */,
				2385633E18DADA6B005D5AF5 /* MyButler---------我的管家 */,
				B2AA7EF518D2AF7A00F4EF88 /* Home-----------首页 */,
				B2CE1BE818D2A8F4007A754D /* MyProperties-----我的物业 */,
				B2AA7EB218D2AC4B00F4EF88 /* SurroundingLife--周边生活 */,
				B2AA7EA218D2AACB00F4EF88 /* AccountManager--账户管理 */,
				B2C016E418D2BA0F0058F1BF /* ChooseHouse ----选择小区/住房/城市 */,
				B2C27D9D18B48432003AA091 /* Home.storyboard */,
				B2C016DA18D2B2040058F1BF /* AccountManager.storyboard */,
				B2C016E018D2B3EB0058F1BF /* ChooseHouse.storyboard */,
				B2D4880618B5DF1000F331D3 /* SurroundingLife.storyboard */,
				B2380E0318B6FC3B00D895DA /* MyProperty.storyboard */,
				B2A4441118C5CAD5008A4592 /* EcologicalDistribution.storyboard */,
				B2C27D9A18B48432003AA091 /* HXTAppDelegate.h */,
				B2C27D9B18B48432003AA091 /* HXTAppDelegate.m */,
				B2C27DA318B48432003AA091 /* Images.xcassets */,
				B2C27D9218B48432003AA091 /* Supporting Files */,
			);
			path = ButlerCard;
			sourceTree = "<group>";
		};
		B2C27D9218B48432003AA091 /* Supporting Files */ = {
			isa = PBXGroup;
			children = (
				B2C27D9318B48432003AA091 /* ButlerCard-Info.plist */,
				B2C27D9718B48432003AA091 /* main.m */,
				B2C27D9918B48432003AA091 /* ButlerCard-Prefix.pch */,
			);
			name = "Supporting Files";
			sourceTree = "<group>";
		};
		B2C27DB018B48432003AA091 /* ButlerCardTests */ = {
			isa = PBXGroup;
			children = (
				B2C27DB618B48432003AA091 /* ButlerCardTests.m */,
				B2C27DB118B48432003AA091 /* Supporting Files */,
			);
			path = ButlerCardTests;
			sourceTree = "<group>";
		};
		B2C27DB118B48432003AA091 /* Supporting Files */ = {
			isa = PBXGroup;
			children = (
				B2C27DB218B48432003AA091 /* ButlerCardTests-Info.plist */,
			);
			name = "Supporting Files";
			sourceTree = "<group>";
		};
		B2CE1BE818D2A8F4007A754D /* MyProperties-----我的物业 */ = {
			isa = PBXGroup;
			children = (
				B2CE1BE918D2A912007A754D /* Controller */,
				B2CE1BF418D2A912007A754D /* Model */,
				B2CE1BFF18D2A912007A754D /* View */,
			);
			name = "MyProperties-----我的物业";
			sourceTree = "<group>";
		};
		B2CE1BE918D2A912007A754D /* Controller */ = {
			isa = PBXGroup;
			children = (
				B2CE1BEE18D2A912007A754D /* HXTMyPropertyViewController.h */,
				B2CE1BEF18D2A912007A754D /* HXTMyPropertyViewController.m */,
				B2CE1BEA18D2A912007A754D /* HXTBindCardViewController.h */,
				B2CE1BEB18D2A912007A754D /* HXTBindCardViewController.m */,
				B2CE1BF018D2A912007A754D /* HXTPropertyItemDetailTableViewController.h */,
				B2CE1BF118D2A912007A754D /* HXTPropertyItemDetailTableViewController.m */,
			);
			name = Controller;
			path = MyProperties/Controller;
			sourceTree = "<group>";
		};
		B2CE1BF418D2A912007A754D /* Model */ = {
			isa = PBXGroup;
			children = (
				B2CE1BF718D2A912007A754D /* HXTMyProperties.h */,
				B2CE1BF818D2A912007A754D /* HXTMyProperties.m */,
				B2CE1BFD18D2A912007A754D /* HXTPropertyCell.h */,
				B2CE1BFE18D2A912007A754D /* HXTPropertyCell.m */,
				B2CE1BF518D2A912007A754D /* HXTHouse.h */,
				B2CE1BF618D2A912007A754D /* HXTHouse.m */,
				B2CE1BF918D2A912007A754D /* HXTPropertyFeeCell.h */,
				B2CE1BFA18D2A912007A754D /* HXTPropertyFeeCell.m */,
				B2CE1BFB18D2A912007A754D /* HXTPropertyFeeDetailCell.h */,
				B2CE1BFC18D2A912007A754D /* HXTPropertyFeeDetailCell.m */,
			);
			name = Model;
			path = MyProperties/Model;
			sourceTree = "<group>";
		};
		B2CE1BFF18D2A912007A754D /* View */ = {
			isa = PBXGroup;
			children = (
				B2CE1C0018D2A912007A754D /* HXTPropertyTableViewHeaderFooterView.h */,
				B2CE1C0118D2A912007A754D /* HXTPropertyTableViewHeaderFooterView.m */,
				B2CE1C0218D2A912007A754D /* MyPropertyTableViewHeaderFooterView.xib */,
			);
			name = View;
			path = MyProperties/View;
			sourceTree = "<group>";
		};
/* End PBXGroup section */

/* Begin PBXNativeTarget section */
		B2C27D8718B48432003AA091 /* ButlerCard */ = {
			isa = PBXNativeTarget;
			buildConfigurationList = B2C27DBA18B48432003AA091 /* Build configuration list for PBXNativeTarget "ButlerCard" */;
			buildPhases = (
				2F61CFFDEC574BDBB2BBEEC1 /* Check Pods Manifest.lock */,
				B2C27D8418B48432003AA091 /* Sources */,
				B2C27D8518B48432003AA091 /* Frameworks */,
				B2C27D8618B48432003AA091 /* Resources */,
				9DEFCB6FDB564EF1975B8946 /* Copy Pods Resources */,
			);
			buildRules = (
			);
			dependencies = (
			);
			name = ButlerCard;
			productName = ButlerCard;
			productReference = B2C27D8818B48432003AA091 /* ButlerCard.app */;
			productType = "com.apple.product-type.application";
		};
		B2C27DA818B48432003AA091 /* ButlerCardTests */ = {
			isa = PBXNativeTarget;
			buildConfigurationList = B2C27DBD18B48432003AA091 /* Build configuration list for PBXNativeTarget "ButlerCardTests" */;
			buildPhases = (
				B2C27DA518B48432003AA091 /* Sources */,
				B2C27DA618B48432003AA091 /* Frameworks */,
				B2C27DA718B48432003AA091 /* Resources */,
			);
			buildRules = (
			);
			dependencies = (
				B2C27DAF18B48432003AA091 /* PBXTargetDependency */,
			);
			name = ButlerCardTests;
			productName = ButlerCardTests;
			productReference = B2C27DA918B48432003AA091 /* ButlerCardTests.xctest */;
			productType = "com.apple.product-type.bundle.unit-test";
		};
/* End PBXNativeTarget section */

/* Begin PBXProject section */
		B2C27D8018B48432003AA091 /* Project object */ = {
			isa = PBXProject;
			attributes = {
				CLASSPREFIX = HXT;
				LastUpgradeCheck = 0510;
				ORGANIZATIONNAME = "johnny tang";
				TargetAttributes = {
					B2C27D8718B48432003AA091 = {
						DevelopmentTeam = W24H4ZR8PD;
					};
					B2C27DA818B48432003AA091 = {
						TestTargetID = B2C27D8718B48432003AA091;
					};
				};
			};
			buildConfigurationList = B2C27D8318B48432003AA091 /* Build configuration list for PBXProject "ButlerCard" */;
			compatibilityVersion = "Xcode 3.2";
			developmentRegion = English;
			hasScannedForEncodings = 0;
			knownRegions = (
				en,
				Base,
				"zh-Hans",
			);
			mainGroup = B2C27D7F18B48432003AA091;
			productRefGroup = B2C27D8918B48432003AA091 /* Products */;
			projectDirPath = "";
			projectRoot = "";
			targets = (
				B2C27D8718B48432003AA091 /* ButlerCard */,
				B2C27DA818B48432003AA091 /* ButlerCardTests */,
			);
		};
/* End PBXProject section */

/* Begin PBXResourcesBuildPhase section */
		B2C27D8618B48432003AA091 /* Resources */ = {
			isa = PBXResourcesBuildPhase;
			buildActionMask = 2147483647;
			files = (
				B2C016FB18D2BD1F0058F1BF /* region.plist in Resources */,
				236E3B6318E0DA3800E0619E /* housingEstate.jpg in Resources */,
				B2C016F518D2BD1F0058F1BF /* hotCities.plist in Resources */,
				B2C016DC18D2B2040058F1BF /* AccountManager.storyboard in Resources */,
				B2C27DA418B48432003AA091 /* Images.xcassets in Resources */,
				B2C016E218D2B3EB0058F1BF /* ChooseHouse.storyboard in Resources */,
				B2C27D9F18B48432003AA091 /* Home.storyboard in Resources */,
				236E3B6018E0DA3800E0619E /* checkbox_checked.png in Resources */,
				236E3B6118E0DA3800E0619E /* checkbox_unchecked.png in Resources */,
				B2D4880818B5DF1000F331D3 /* SurroundingLife.storyboard in Resources */,
				B2CE1C1918D2A912007A754D /* MyPropertyTableViewHeaderFooterView.xib in Resources */,
				B2C016F718D2BD1F0058F1BF /* provinces.plist in Resources */,
				B2C016F918D2BD1F0058F1BF /* provinces_bck.plist in Resources */,
				B2380E0518B6FC3B00D895DA /* MyProperty.storyboard in Resources */,
				B2A4441318C5CAD5008A4592 /* EcologicalDistribution.storyboard in Resources */,
			);
			runOnlyForDeploymentPostprocessing = 0;
		};
		B2C27DA718B48432003AA091 /* Resources */ = {
			isa = PBXResourcesBuildPhase;
			buildActionMask = 2147483647;
			files = (
				B2C016FC18D2BD1F0058F1BF /* region.plist in Resources */,
				B2CE1BE518D2A744007A754D /* Home.storyboard in Resources */,
				B2C016F818D2BD1F0058F1BF /* provinces.plist in Resources */,
				B2C016FA18D2BD1F0058F1BF /* provinces_bck.plist in Resources */,
				B2C016E318D2B3EB0058F1BF /* ChooseHouse.storyboard in Resources */,
				B2CE1C1A18D2A912007A754D /* MyPropertyTableViewHeaderFooterView.xib in Resources */,
				B2C016F618D2BD1F0058F1BF /* hotCities.plist in Resources */,
			);
			runOnlyForDeploymentPostprocessing = 0;
		};
/* End PBXResourcesBuildPhase section */

/* Begin PBXShellScriptBuildPhase section */
		2F61CFFDEC574BDBB2BBEEC1 /* Check Pods Manifest.lock */ = {
			isa = PBXShellScriptBuildPhase;
			buildActionMask = 2147483647;
			files = (
			);
			inputPaths = (
			);
			name = "Check Pods Manifest.lock";
			outputPaths = (
			);
			runOnlyForDeploymentPostprocessing = 0;
			shellPath = /bin/sh;
			shellScript = "diff \"${PODS_ROOT}/../Podfile.lock\" \"${PODS_ROOT}/Manifest.lock\" > /dev/null\nif [[ $? != 0 ]] ; then\n    cat << EOM\nerror: The sandbox is not in sync with the Podfile.lock. Run 'pod install' or update your CocoaPods installation.\nEOM\n    exit 1\nfi\n";
			showEnvVarsInLog = 0;
		};
		9DEFCB6FDB564EF1975B8946 /* Copy Pods Resources */ = {
			isa = PBXShellScriptBuildPhase;
			buildActionMask = 2147483647;
			files = (
			);
			inputPaths = (
			);
			name = "Copy Pods Resources";
			outputPaths = (
			);
			runOnlyForDeploymentPostprocessing = 0;
			shellPath = /bin/sh;
			shellScript = "\"${SRCROOT}/Pods/Pods-resources.sh\"\n";
			showEnvVarsInLog = 0;
		};
/* End PBXShellScriptBuildPhase section */

/* Begin PBXSourcesBuildPhase section */
		B2C27D8418B48432003AA091 /* Sources */ = {
			isa = PBXSourcesBuildPhase;
			buildActionMask = 2147483647;
			files = (
				231F444A18DC1D550042FA6C /* PieLayer.m in Sources */,
				2385634418DADA6B005D5AF5 /* CYMyPropertyTableViewController.m in Sources */,
				231F445518DC1E690042FA6C /* MyPieElement.m in Sources */,
				B2C27D9818B48432003AA091 /* main.m in Sources */,
				B2CE1C0318D2A912007A754D /* HXTBindCardViewController.m in Sources */,
				23D5EAD418E17F570063AB9A /* CYMsgCell.m in Sources */,
				B2C27D9C18B48432003AA091 /* HXTAppDelegate.m in Sources */,
				236E3B5618E0DA3800E0619E /* NSDictionaryAdditions.m in Sources */,
				B2CE1C1318D2A912007A754D /* HXTPropertyFeeDetailCell.m in Sources */,
				B2CE1C1118D2A912007A754D /* HXTPropertyFeeCell.m in Sources */,
				B2CE1C0D18D2A912007A754D /* HXTHouse.m in Sources */,
				236E3B6218E0DA3800E0619E /* HXTCheckBox.m in Sources */,
				B2CE1C0718D2A912007A754D /* HXTMyPropertyViewController.m in Sources */,
				B2E4E35018D6DE7D00C0C0F5 /* HXTTabBarViewController.m in Sources */,
				2385635018DAE22E005D5AF5 /* CYMyBillDetailCell.m in Sources */,
				B25A8A2218D92B7F00A8D145 /* HXTNavigationController.m in Sources */,
				B2BB18ED18D829D700BD9FC9 /* HXTTheGroceryStoreViewController.m in Sources */,
				231F444C18DC1D550042FA6C /* PieElement.m in Sources */,
				23D5EACE18E178CD0063AB9A /* CYMyOrderViewController.m in Sources */,
				B2CE1C0918D2A912007A754D /* HXTPropertyItemDetailTableViewController.m in Sources */,
				B291D55318D97D72008ACE36 /* HXTChooseHousingEstateTableViewController.m in Sources */,
				236E3B6418E0DA3800E0619E /* HXTViewWithArrow.m in Sources */,
				B2BB18E918D829D700BD9FC9 /* HXTIGoViewController.m in Sources */,
				B291D55718D9E78F008ACE36 /* HXTSelectCitySecondLevelViewController.m in Sources */,
				2385635318DAE242005D5AF5 /* CYMyBillMonthCell.m in Sources */,
				23D5EAD718E181B20063AB9A /* CYFeedBackViewController.m in Sources */,
				23D5EAC818E16B270063AB9A /* CYActivityViewController.m in Sources */,
				236E3B5F18E0DA3800E0619E /* UIDevice+Resolutions.m in Sources */,
				B2C016EE18D2BB8F0058F1BF /* HXTSelectCityViewController.m in Sources */,
				236E3B5518E0DA3800E0619E /* NSDataAdditions.m in Sources */,
				B2BB18EB18D829D700BD9FC9 /* HXTIGoWithTypeViewController.m in Sources */,
				B2C016EA18D2BA310058F1BF /* HXTChooseHousingEstateViewController.m in Sources */,
				231F445218DC1DF20042FA6C /* CYBillPieViewController.m in Sources */,
				23D5EAD118E17F3A0063AB9A /* CYMsgTableViewController.m in Sources */,
				B2AA7EF818D2AFAD00F4EF88 /* HXTHomeViewController.m in Sources */,
				B2AA7EB018D2AAE800F4EF88 /* HXTAccountManager.m in Sources */,
				231F444F18DC1D720042FA6C /* Example2PieView.m in Sources */,
				231F444B18DC1D550042FA6C /* NSMutableArray+pieEx.m in Sources */,
				236E3B5418E0DA3800E0619E /* NSArrayAdditionals.m in Sources */,
				236E3B5718E0DA3800E0619E /* NSStringAdditions.m in Sources */,
				B2CE1C1718D2A912007A754D /* HXTPropertyTableViewHeaderFooterView.m in Sources */,
				2385634918DAE03E005D5AF5 /* CYMyBillTableViewController.m in Sources */,
				B2CE1C0F18D2A912007A754D /* HXTMyProperties.m in Sources */,
				B2AA7EAC18D2AAE800F4EF88 /* HXTLoginViewController.m in Sources */,
				236E3B5318E0DA3800E0619E /* KeyboardCommon.m in Sources */,
				23D5EACB18E16B460063AB9A /* CYActivityCell.m in Sources */,
				B2BB18E718D829D700BD9FC9 /* HXTSurroundingLifeViewController.m in Sources */,
				B2AA7EAE18D2AAE800F4EF88 /* HXTRegisterAccountViewController.m in Sources */,
				B2CE1C1518D2A912007A754D /* HXTPropertyCell.m in Sources */,
				236E3B5E18E0DA3800E0619E /* Reachability.m in Sources */,
			);
			runOnlyForDeploymentPostprocessing = 0;
		};
		B2C27DA518B48432003AA091 /* Sources */ = {
			isa = PBXSourcesBuildPhase;
			buildActionMask = 2147483647;
			files = (
				B2CE1C0E18D2A912007A754D /* HXTHouse.m in Sources */,
				B2BB18EC18D829D700BD9FC9 /* HXTIGoWithTypeViewController.m in Sources */,
				B2CE1C0418D2A912007A754D /* HXTBindCardViewController.m in Sources */,
				B2CE1C1618D2A912007A754D /* HXTPropertyCell.m in Sources */,
				B2BB18EE18D829D700BD9FC9 /* HXTTheGroceryStoreViewController.m in Sources */,
				B2CE1C0A18D2A912007A754D /* HXTPropertyItemDetailTableViewController.m in Sources */,
				B2AA7EB118D2AAE800F4EF88 /* HXTAccountManager.m in Sources */,
				B2CE1C1418D2A912007A754D /* HXTPropertyFeeDetailCell.m in Sources */,
				B2C016EB18D2BA310058F1BF /* HXTChooseHousingEstateViewController.m in Sources */,
				B2BB18EA18D829D700BD9FC9 /* HXTIGoViewController.m in Sources */,
				B291D55418D97D72008ACE36 /* HXTChooseHousingEstateTableViewController.m in Sources */,
				B2CE1C1818D2A912007A754D /* HXTPropertyTableViewHeaderFooterView.m in Sources */,
				B2E4E35118D6DE7D00C0C0F5 /* HXTTabBarViewController.m in Sources */,
				B2AA7EAD18D2AAE800F4EF88 /* HXTLoginViewController.m in Sources */,
				B25A8A2318D92B7F00A8D145 /* HXTNavigationController.m in Sources */,
				B2CE1C0818D2A912007A754D /* HXTMyPropertyViewController.m in Sources */,
				B2BB18E818D829D700BD9FC9 /* HXTSurroundingLifeViewController.m in Sources */,
				B2AA7EAF18D2AAE800F4EF88 /* HXTRegisterAccountViewController.m in Sources */,
				B2CE1C1218D2A912007A754D /* HXTPropertyFeeCell.m in Sources */,
				B2CE1C1018D2A912007A754D /* HXTMyProperties.m in Sources */,
				B2C016EF18D2BB8F0058F1BF /* HXTSelectCityViewController.m in Sources */,
				B291D55818D9E78F008ACE36 /* HXTSelectCitySecondLevelViewController.m in Sources */,
				B2AA7EF918D2AFAD00F4EF88 /* HXTHomeViewController.m in Sources */,
				B2C27DB718B48432003AA091 /* ButlerCardTests.m in Sources */,
			);
			runOnlyForDeploymentPostprocessing = 0;
		};
/* End PBXSourcesBuildPhase section */

/* Begin PBXTargetDependency section */
		B2C27DAF18B48432003AA091 /* PBXTargetDependency */ = {
			isa = PBXTargetDependency;
			target = B2C27D8718B48432003AA091 /* ButlerCard */;
			targetProxy = B2C27DAE18B48432003AA091 /* PBXContainerItemProxy */;
		};
/* End PBXTargetDependency section */

/* Begin PBXVariantGroup section */
		B2380E0318B6FC3B00D895DA /* MyProperty.storyboard */ = {
			isa = PBXVariantGroup;
			children = (
				B2380E0418B6FC3B00D895DA /* Base */,
			);
			name = MyProperty.storyboard;
			sourceTree = "<group>";
		};
		B2A4441118C5CAD5008A4592 /* EcologicalDistribution.storyboard */ = {
			isa = PBXVariantGroup;
			children = (
				B2A4441218C5CAD5008A4592 /* Base */,
			);
			name = EcologicalDistribution.storyboard;
			sourceTree = "<group>";
		};
		B2C016DA18D2B2040058F1BF /* AccountManager.storyboard */ = {
			isa = PBXVariantGroup;
			children = (
				B2C016DB18D2B2040058F1BF /* Base */,
			);
			name = AccountManager.storyboard;
			sourceTree = "<group>";
		};
		B2C016E018D2B3EB0058F1BF /* ChooseHouse.storyboard */ = {
			isa = PBXVariantGroup;
			children = (
				B2C016E118D2B3EB0058F1BF /* Base */,
			);
			name = ChooseHouse.storyboard;
			sourceTree = "<group>";
		};
		B2C27D9D18B48432003AA091 /* Home.storyboard */ = {
			isa = PBXVariantGroup;
			children = (
				B2C27D9E18B48432003AA091 /* Base */,
			);
			name = Home.storyboard;
			sourceTree = "<group>";
		};
		B2D4880618B5DF1000F331D3 /* SurroundingLife.storyboard */ = {
			isa = PBXVariantGroup;
			children = (
				B2D4880718B5DF1000F331D3 /* Base */,
			);
			name = SurroundingLife.storyboard;
			sourceTree = "<group>";
		};
/* End PBXVariantGroup section */

/* Begin XCBuildConfiguration section */
		B2C27DB818B48432003AA091 /* Debug */ = {
			isa = XCBuildConfiguration;
			buildSettings = {
				ALWAYS_SEARCH_USER_PATHS = YES;
				CLANG_CXX_LANGUAGE_STANDARD = "gnu++0x";
				CLANG_CXX_LIBRARY = "libc++";
				CLANG_ENABLE_MODULES = YES;
				CLANG_ENABLE_OBJC_ARC = YES;
				CLANG_WARN_BOOL_CONVERSION = YES;
				CLANG_WARN_CONSTANT_CONVERSION = YES;
				CLANG_WARN_DIRECT_OBJC_ISA_USAGE = YES_ERROR;
				CLANG_WARN_EMPTY_BODY = YES;
				CLANG_WARN_ENUM_CONVERSION = YES;
				CLANG_WARN_INT_CONVERSION = YES;
				CLANG_WARN_OBJC_ROOT_CLASS = YES_ERROR;
				CLANG_WARN__DUPLICATE_METHOD_MATCH = YES;
				"CODE_SIGN_IDENTITY[sdk=iphoneos*]" = "iPhone Developer";
				COPY_PHASE_STRIP = NO;
				GCC_C_LANGUAGE_STANDARD = gnu99;
				GCC_DYNAMIC_NO_PIC = NO;
				GCC_OPTIMIZATION_LEVEL = 0;
				GCC_PREPROCESSOR_DEFINITIONS = (
					"DEBUG=1",
					"$(inherited)",
				);
				GCC_SYMBOLS_PRIVATE_EXTERN = NO;
				GCC_WARN_64_TO_32_BIT_CONVERSION = YES;
				GCC_WARN_ABOUT_RETURN_TYPE = YES_ERROR;
				GCC_WARN_UNDECLARED_SELECTOR = YES;
				GCC_WARN_UNINITIALIZED_AUTOS = YES;
				GCC_WARN_UNUSED_FUNCTION = YES;
				GCC_WARN_UNUSED_VARIABLE = YES;
				IPHONEOS_DEPLOYMENT_TARGET = 7.0;
				ONLY_ACTIVE_ARCH = YES;
				SDKROOT = iphoneos;
				USER_HEADER_SEARCH_PATHS = "$(SRCROOT)/Pods/Headers/AFNetworking $(SRCROOT)/Pods/Headers/FMDB $(SRCROOT)/Pods/Headers/SBJson $(SRCROOT)/Pods/Headers/SVPullToRefresh";
			};
			name = Debug;
		};
		B2C27DB918B48432003AA091 /* Release */ = {
			isa = XCBuildConfiguration;
			buildSettings = {
				ALWAYS_SEARCH_USER_PATHS = YES;
				CLANG_CXX_LANGUAGE_STANDARD = "gnu++0x";
				CLANG_CXX_LIBRARY = "libc++";
				CLANG_ENABLE_MODULES = YES;
				CLANG_ENABLE_OBJC_ARC = YES;
				CLANG_WARN_BOOL_CONVERSION = YES;
				CLANG_WARN_CONSTANT_CONVERSION = YES;
				CLANG_WARN_DIRECT_OBJC_ISA_USAGE = YES_ERROR;
				CLANG_WARN_EMPTY_BODY = YES;
				CLANG_WARN_ENUM_CONVERSION = YES;
				CLANG_WARN_INT_CONVERSION = YES;
				CLANG_WARN_OBJC_ROOT_CLASS = YES_ERROR;
				CLANG_WARN__DUPLICATE_METHOD_MATCH = YES;
				"CODE_SIGN_IDENTITY[sdk=iphoneos*]" = "iPhone Developer";
				COPY_PHASE_STRIP = YES;
				ENABLE_NS_ASSERTIONS = NO;
				GCC_C_LANGUAGE_STANDARD = gnu99;
				GCC_WARN_64_TO_32_BIT_CONVERSION = YES;
				GCC_WARN_ABOUT_RETURN_TYPE = YES_ERROR;
				GCC_WARN_UNDECLARED_SELECTOR = YES;
				GCC_WARN_UNINITIALIZED_AUTOS = YES;
				GCC_WARN_UNUSED_FUNCTION = YES;
				GCC_WARN_UNUSED_VARIABLE = YES;
				IPHONEOS_DEPLOYMENT_TARGET = 7.0;
				SDKROOT = iphoneos;
				USER_HEADER_SEARCH_PATHS = "$(SRCROOT)/Pods/Headers/AFNetworking $(SRCROOT)/Pods/Headers/FMDB $(SRCROOT)/Pods/Headers/SBJson $(SRCROOT)/Pods/Headers/SVPullToRefresh";
				VALIDATE_PRODUCT = YES;
			};
			name = Release;
		};
		B2C27DBB18B48432003AA091 /* Debug */ = {
			isa = XCBuildConfiguration;
			baseConfigurationReference = 079B0BD346A049589BA9660B /* Pods.xcconfig */;
			buildSettings = {
				ALWAYS_SEARCH_USER_PATHS = NO;
				ASSETCATALOG_COMPILER_APPICON_NAME = AppIcon;
				ASSETCATALOG_COMPILER_LAUNCHIMAGE_NAME = LaunchImage;
				CODE_SIGN_IDENTITY = "iPhone Developer";
				GCC_PRECOMPILE_PREFIX_HEADER = YES;
				GCC_PREFIX_HEADER = "ButlerCard/ButlerCard-Prefix.pch";
				INFOPLIST_FILE = "ButlerCard/ButlerCard-Info.plist";
				IPHONEOS_DEPLOYMENT_TARGET = 6.1;
				PRODUCT_NAME = "$(TARGET_NAME)";
				WRAPPER_EXTENSION = app;
			};
			name = Debug;
		};
		B2C27DBC18B48432003AA091 /* Release */ = {
			isa = XCBuildConfiguration;
			baseConfigurationReference = 079B0BD346A049589BA9660B /* Pods.xcconfig */;
			buildSettings = {
				ALWAYS_SEARCH_USER_PATHS = NO;
				ASSETCATALOG_COMPILER_APPICON_NAME = AppIcon;
				ASSETCATALOG_COMPILER_LAUNCHIMAGE_NAME = LaunchImage;
				CODE_SIGN_IDENTITY = "iPhone Developer";
				GCC_PRECOMPILE_PREFIX_HEADER = YES;
				GCC_PREFIX_HEADER = "ButlerCard/ButlerCard-Prefix.pch";
				INFOPLIST_FILE = "ButlerCard/ButlerCard-Info.plist";
				IPHONEOS_DEPLOYMENT_TARGET = 6.1;
				PRODUCT_NAME = "$(TARGET_NAME)";
				WRAPPER_EXTENSION = app;
			};
			name = Release;
		};
		B2C27DBE18B48432003AA091 /* Debug */ = {
			isa = XCBuildConfiguration;
			buildSettings = {
				BUNDLE_LOADER = "$(BUILT_PRODUCTS_DIR)/ButlerCard.app/ButlerCard";
				FRAMEWORK_SEARCH_PATHS = (
					"$(SDKROOT)/Developer/Library/Frameworks",
					"$(inherited)",
					"$(DEVELOPER_FRAMEWORKS_DIR)",
				);
				GCC_PRECOMPILE_PREFIX_HEADER = YES;
				GCC_PREFIX_HEADER = "ButlerCard/ButlerCard-Prefix.pch";
				GCC_PREPROCESSOR_DEFINITIONS = (
					"DEBUG=1",
					"$(inherited)",
				);
				INFOPLIST_FILE = "ButlerCardTests/ButlerCardTests-Info.plist";
				PRODUCT_NAME = "$(TARGET_NAME)";
				TEST_HOST = "$(BUNDLE_LOADER)";
				WRAPPER_EXTENSION = xctest;
			};
			name = Debug;
		};
		B2C27DBF18B48432003AA091 /* Release */ = {
			isa = XCBuildConfiguration;
			buildSettings = {
				BUNDLE_LOADER = "$(BUILT_PRODUCTS_DIR)/ButlerCard.app/ButlerCard";
				FRAMEWORK_SEARCH_PATHS = (
					"$(SDKROOT)/Developer/Library/Frameworks",
					"$(inherited)",
					"$(DEVELOPER_FRAMEWORKS_DIR)",
				);
				GCC_PRECOMPILE_PREFIX_HEADER = YES;
				GCC_PREFIX_HEADER = "ButlerCard/ButlerCard-Prefix.pch";
				INFOPLIST_FILE = "ButlerCardTests/ButlerCardTests-Info.plist";
				PRODUCT_NAME = "$(TARGET_NAME)";
				TEST_HOST = "$(BUNDLE_LOADER)";
				WRAPPER_EXTENSION = xctest;
			};
			name = Release;
		};
/* End XCBuildConfiguration section */

/* Begin XCConfigurationList section */
		B2C27D8318B48432003AA091 /* Build configuration list for PBXProject "ButlerCard" */ = {
			isa = XCConfigurationList;
			buildConfigurations = (
				B2C27DB818B48432003AA091 /* Debug */,
				B2C27DB918B48432003AA091 /* Release */,
			);
			defaultConfigurationIsVisible = 0;
			defaultConfigurationName = Release;
		};
		B2C27DBA18B48432003AA091 /* Build configuration list for PBXNativeTarget "ButlerCard" */ = {
			isa = XCConfigurationList;
			buildConfigurations = (
				B2C27DBB18B48432003AA091 /* Debug */,
				B2C27DBC18B48432003AA091 /* Release */,
			);
			defaultConfigurationIsVisible = 0;
			defaultConfigurationName = Release;
		};
		B2C27DBD18B48432003AA091 /* Build configuration list for PBXNativeTarget "ButlerCardTests" */ = {
			isa = XCConfigurationList;
			buildConfigurations = (
				B2C27DBE18B48432003AA091 /* Debug */,
				B2C27DBF18B48432003AA091 /* Release */,
			);
			defaultConfigurationIsVisible = 0;
			defaultConfigurationName = Release;
		};
/* End XCConfigurationList section */
	};
	rootObject = B2C27D8018B48432003AA091 /* Project object */;
}
